
Microsoft Visual Studio Solution File, Format Version 12.00
# Visual Studio 15
Project("{FAE04EC0-301F-11D3-BF4B-00C04F79EFBC}") = "Assembly-CSharp", "Assembly-CSharp.csproj", "{B8DFCE64-A1B3-31BD-62D3-A86606697F0F}"
EndProject
Project("{FAE04EC0-301F-11D3-BF4B-00C04F79EFBC}") = "Assembly-CSharp-firstpass", "Assembly-CSharp-firstpass.csproj", "{511BCA27-2274-1240-5D98-D175D8D6A3C5}"
EndProject
Project("{FAE04EC0-301F-11D3-BF4B-00C04F79EFBC}") = "Assembly-CSharp-Editor", "Assembly-CSharp-Editor.csproj", "{A9EFC84C-AFD4-6E77-ACD6-8DB94A27FDF8}"
EndProject
Global
	GlobalSection(SolutionConfigurationPlatforms) = preSolution
		Debug|Any CPU = Debug|Any CPU
		Release|Any CPU = Release|Any CPU
	EndGlobalSection
	GlobalSection(ProjectConfigurationPlatforms) = postSolution
		{B8DFCE64-A1B3-31BD-62D3-A86606697F0F}.Debug|Any CPU.ActiveCfg = Debug|Any CPU
		{B8DFCE64-A1B3-31BD-62D3-A86606697F0F}.Debug|Any CPU.Build.0 = Debug|Any CPU
		{B8DFCE64-A1B3-31BD-62D3-A86606697F0F}.Release|Any CPU.ActiveCfg = Release|Any CPU
		{B8DFCE64-A1B3-31BD-62D3-A86606697F0F}.Release|Any CPU.Build.0 = Release|Any CPU
		{511BCA27-2274-1240-5D98-D175D8D6A3C5}.Debug|Any CPU.ActiveCfg = Debug|Any CPU
		{511BCA27-2274-1240-5D98-D175D8D6A3C5}.Debug|Any CPU.Build.0 = Debug|Any CPU
		{511BCA27-2274-1240-5D98-D175D8D6A3C5}.Release|Any CPU.ActiveCfg = Release|Any CPU
		{511BCA27-2274-1240-5D98-D175D8D6A3C5}.Release|Any CPU.Build.0 = Release|Any CPU
		{A9EFC84C-AFD4-6E77-ACD6-8DB94A27FDF8}.Debug|Any CPU.ActiveCfg = Debug|Any CPU
		{A9EFC84C-AFD4-6E77-ACD6-8DB94A27FDF8}.Debug|Any CPU.Build.0 = Debug|Any CPU
		{A9EFC84C-AFD4-6E77-ACD6-8DB94A27FDF8}.Release|Any CPU.ActiveCfg = Release|Any CPU
		{A9EFC84C-AFD4-6E77-ACD6-8DB94A27FDF8}.Release|Any CPU.Build.0 = Release|Any CPU
	EndGlobalSection
	GlobalSection(SolutionProperties) = preSolution
		HideSolutionNode = FALSE
	EndGlobalSection
EndGlobal
