
Microsoft Visual Studio Solution File, Format Version 12.00
# Visual Studio Version 16
VisualStudioVersion = 16.0.32002.261
MinimumVisualStudioVersion = 10.0.40219.1
Project("{FAE04EC0-301F-11D3-BF4B-00C04F79EFBC}") = "UnityEngine.UI", "UnityEngine.UI.csproj", "{13F0B0FD-21C9-D0D2-5AD1-1D174C9681E9}"
EndProject
Project("{FAE04EC0-301F-11D3-BF4B-00C04F79EFBC}") = "Unity.RenderPipelines.Core.Runtime", "Unity.RenderPipelines.Core.Runtime.csproj", "{4846B349-2AD5-CA9F-617B-5C8EE25F5211}"
EndProject
Project("{FAE04EC0-301F-11D3-BF4B-00C04F79EFBC}") = "UnityEngine.TestRunner", "UnityEngine.TestRunner.csproj", "{57184830-00C4-2FE9-ABBA-F79229BA0090}"
EndProject
Project("{FAE04EC0-301F-11D3-BF4B-00C04F79EFBC}") = "UniTask", "UniTask.csproj", "{E9E2F806-F2FA-E71C-5459-BC8D3845EE4E}"
EndProject
Project("{FAE04EC0-301F-11D3-BF4B-00C04F79EFBC}") = "Unity.Services.Core.Telemetry", "Unity.Services.Core.Telemetry.csproj", "{866FC89B-ED51-F431-37CA-4472D378E6DC}"
EndProject
Project("{FAE04EC0-301F-11D3-BF4B-00C04F79EFBC}") = "Unity.InputSystem", "Unity.InputSystem.csproj", "{B9B91C1C-BC10-0461-B38A-12FA6DEB1887}"
EndProject
Project("{FAE04EC0-301F-11D3-BF4B-00C04F79EFBC}") = "Unity.VisualScripting.State", "Unity.VisualScripting.State.csproj", "{9065B12B-D6E2-415B-1241-F5051477118E}"
EndProject
Project("{FAE04EC0-301F-11D3-BF4B-00C04F79EFBC}") = "Unity.RenderPipelines.Universal.Runtime", "Unity.RenderPipelines.Universal.Runtime.csproj", "{1EB54EAD-A321-5656-ACEF-413E76375EE2}"
EndProject
Project("{FAE04EC0-301F-11D3-BF4B-00C04F79EFBC}") = "Unity.VisualScripting.Flow", "Unity.VisualScripting.Flow.csproj", "{CCC13DF4-DB17-25A4-B797-6ECA3EF473AB}"
EndProject
Project("{FAE04EC0-301F-11D3-BF4B-00C04F79EFBC}") = "UniTask.Linq", "UniTask.Linq.csproj", "{0CCC6055-5242-BC97-2A5E-9CC618FBD39B}"
EndProject
Project("{FAE04EC0-301F-11D3-BF4B-00C04F79EFBC}") = "Unity.VisualScripting.Core", "Unity.VisualScripting.Core.csproj", "{D7B1177B-6897-16E4-A83F-2B9EE9203E43}"
EndProject
Project("{FAE04EC0-301F-11D3-BF4B-00C04F79EFBC}") = "Unity.Services.Core.Environments.Internal", "Unity.Services.Core.Environments.Internal.csproj", "{678FE91B-D91A-D97B-28B1-049876DAFDC6}"
EndProject
Project("{FAE04EC0-301F-11D3-BF4B-00C04F79EFBC}") = "Unity.2D.Animation.Runtime", "Unity.2D.Animation.Runtime.csproj", "{104DA32C-DDFD-1F88-F32B-367DE945CB22}"
EndProject
Project("{FAE04EC0-301F-11D3-BF4B-00C04F79EFBC}") = "Unity.TextMeshPro", "Unity.TextMeshPro.csproj", "{A9D409F3-147B-1054-F9D3-CB48D6B358FD}"
EndProject
Project("{FAE04EC0-301F-11D3-BF4B-00C04F79EFBC}") = "Unity.Burst", "Unity.Burst.csproj", "{5BCD515B-4349-117F-2CA2-2F2FCB556E53}"
EndProject
Project("{FAE04EC0-301F-11D3-BF4B-00C04F79EFBC}") = "Unity.RenderPipeline.Universal.ShaderLibrary", "Unity.RenderPipeline.Universal.ShaderLibrary.csproj", "{9CAF8FDD-2DCC-23EA-78DE-764CE506B42A}"
EndProject
Project("{FAE04EC0-301F-11D3-BF4B-00C04F79EFBC}") = "Unity.Services.Core.Environments", "Unity.Services.Core.Environments.csproj", "{E72FB104-66F8-A550-8B96-6ED04A5919FE}"
EndProject
Project("{FAE04EC0-301F-11D3-BF4B-00C04F79EFBC}") = "Assembly-CSharp", "Assembly-CSharp.csproj", "{B8DFCE64-A1B3-31BD-62D3-A86606697F0F}"
EndProject
Project("{FAE04EC0-301F-11D3-BF4B-00C04F79EFBC}") = "Unity.2D.SpriteShape.Runtime", "Unity.2D.SpriteShape.Runtime.csproj", "{4CEF9A94-5BCE-915D-FB41-95111F8BDAFF}"
EndProject
Project("{FAE04EC0-301F-11D3-BF4B-00C04F79EFBC}") = "Unity.Services.Core.Internal", "Unity.Services.Core.Internal.csproj", "{F0396532-A38C-961A-A28B-9666D23F196A}"
EndProject
Project("{FAE04EC0-301F-11D3-BF4B-00C04F79EFBC}") = "Unity.Timeline", "Unity.Timeline.csproj", "{4122AFDE-14ED-B65B-E3D8-A4193536E08D}"
EndProject
Project("{FAE04EC0-301F-11D3-BF4B-00C04F79EFBC}") = "Unity.Mathematics", "Unity.Mathematics.csproj", "{13D6A67D-5111-F885-9186-9874F8E26E16}"
EndProject
Project("{FAE04EC0-301F-11D3-BF4B-00C04F79EFBC}") = "UniTask.DOTween", "UniTask.DOTween.csproj", "{B2D1C1BC-6A62-EDA0-2D68-61EBE70AD905}"
EndProject
Project("{FAE04EC0-301F-11D3-BF4B-00C04F79EFBC}") = "Unity.Services.Core.Scheduler", "Unity.Services.Core.Scheduler.csproj", "{D3F8DE9C-1088-E899-84CD-7492555F5E76}"
EndProject
Project("{FAE04EC0-301F-11D3-BF4B-00C04F79EFBC}") = "Unity.2D.PixelPerfect", "Unity.2D.PixelPerfect.csproj", "{EF8AB17F-FD39-A085-A724-F70F70A19C51}"
EndProject
Project("{FAE04EC0-301F-11D3-BF4B-00C04F79EFBC}") = "Unity.Services.Core.Device", "Unity.Services.Core.Device.csproj", "{B946C6BD-848A-EF1A-C91D-9E504D8B03CD}"
EndProject
Project("{FAE04EC0-301F-11D3-BF4B-00C04F79EFBC}") = "Unity.Services.Core.Analytics", "Unity.Services.Core.Analytics.csproj", "{615BD9B0-DDAE-6610-9708-57ECB0D318BB}"
EndProject
Project("{FAE04EC0-301F-11D3-BF4B-00C04F79EFBC}") = "Unity.2D.IK.Runtime", "Unity.2D.IK.Runtime.csproj", "{ECD0F09F-339B-2686-C90C-50887B69214F}"
EndProject
Project("{FAE04EC0-301F-11D3-BF4B-00C04F79EFBC}") = "Assembly-CSharp-firstpass", "Assembly-CSharp-firstpass.csproj", "{511BCA27-2274-1240-5D98-D175D8D6A3C5}"
EndProject
Project("{FAE04EC0-301F-11D3-BF4B-00C04F79EFBC}") = "Unity.2D.Tilemap.Extras", "Unity.2D.Tilemap.Extras.csproj", "{CC3BA599-2515-2519-6F70-7AE51DA1A431}"
EndProject
Project("{FAE04EC0-301F-11D3-BF4B-00C04F79EFBC}") = "Unity.Services.Core.Threading", "Unity.Services.Core.Threading.csproj", "{221F1124-AFA8-4DB1-41D3-B0E7B2F74C3E}"
EndProject
Project("{FAE04EC0-301F-11D3-BF4B-00C04F79EFBC}") = "Unity.2D.Common.Runtime", "Unity.2D.Common.Runtime.csproj", "{C695C70B-21C6-0B73-FB6B-45893806F766}"
EndProject
Project("{FAE04EC0-301F-11D3-BF4B-00C04F79EFBC}") = "Unity.Services.Core.Configuration", "Unity.Services.Core.Configuration.csproj", "{7AD25BDD-F237-BF3A-AEA6-FB22D40721A7}"
EndProject
Project("{FAE04EC0-301F-11D3-BF4B-00C04F79EFBC}") = "Unity.Services.Core", "Unity.Services.Core.csproj", "{D8B4CA8B-A215-A10F-41E6-E61FAC393690}"
EndProject
Project("{FAE04EC0-301F-11D3-BF4B-00C04F79EFBC}") = "Unity.Services.Core.Networking", "Unity.Services.Core.Networking.csproj", "{1958A195-DBA7-23BF-0E38-EC2ABF7070E6}"
EndProject
Project("{FAE04EC0-301F-11D3-BF4B-00C04F79EFBC}") = "Unity.Services.Core.Registration", "Unity.Services.Core.Registration.csproj", "{93520CB2-4540-75C9-9919-4AD8E8831DB4}"
EndProject
Project("{FAE04EC0-301F-11D3-BF4B-00C04F79EFBC}") = "UniTask.Addressables", "UniTask.Addressables.csproj", "{2F6BA16E-87D8-CFD2-274D-D2EAC523EBD6}"
EndProject
Project("{FAE04EC0-301F-11D3-BF4B-00C04F79EFBC}") = "Unity.RenderPipelines.ShaderGraph.ShaderGraphLibrary", "Unity.RenderPipelines.ShaderGraph.ShaderGraphLibrary.csproj", "{DD42E084-AF95-1C2C-5C04-688BBD6760D4}"
EndProject
Project("{FAE04EC0-301F-11D3-BF4B-00C04F79EFBC}") = "Unity.RenderPipelines.Core.ShaderLibrary", "Unity.RenderPipelines.Core.ShaderLibrary.csproj", "{48947E8C-9756-D196-80D2-5DDE6E5F3840}"
EndProject
Project("{FAE04EC0-301F-11D3-BF4B-00C04F79EFBC}") = "UniTask.TextMeshPro", "UniTask.TextMeshPro.csproj", "{6CC6C59C-C494-2E41-20D2-DF754D42ED33}"
EndProject
Project("{FAE04EC0-301F-11D3-BF4B-00C04F79EFBC}") = "Unity.InternalAPIEngineBridge.001", "Unity.InternalAPIEngineBridge.001.csproj", "{7D734562-524E-BABC-0D8C-26A559344F09}"
EndProject
Project("{FAE04EC0-301F-11D3-BF4B-00C04F79EFBC}") = "Unity.RenderPipelines.Universal.Shaders", "Unity.RenderPipelines.Universal.Shaders.csproj", "{F58FE875-15C2-F1FE-395E-F989B08D3BF0}"
EndProject
Project("{FAE04EC0-301F-11D3-BF4B-00C04F79EFBC}") = "Unity.PlasticSCM.Editor", "Unity.PlasticSCM.Editor.csproj", "{436AAD0E-BD94-DE7D-C271-4791DD715712}"
EndProject
Project("{FAE04EC0-301F-11D3-BF4B-00C04F79EFBC}") = "Unity.VisualScripting.Core.Editor", "Unity.VisualScripting.Core.Editor.csproj", "{297E8234-D590-491B-98ED-C046C6BF7BEC}"
EndProject
Project("{FAE04EC0-301F-11D3-BF4B-00C04F79EFBC}") = "Unity.ShaderGraph.Editor", "Unity.ShaderGraph.Editor.csproj", "{C1095FA1-10C7-F1B6-1263-D756E45B4B3C}"
EndProject
Project("{FAE04EC0-301F-11D3-BF4B-00C04F79EFBC}") = "Unity.Timeline.Editor", "Unity.Timeline.Editor.csproj", "{8AEEBC23-2C85-A998-A887-2F76426844DF}"
EndProject
Project("{FAE04EC0-301F-11D3-BF4B-00C04F79EFBC}") = "Unity.RenderPipelines.Universal.Editor", "Unity.RenderPipelines.Universal.Editor.csproj", "{BC1DD7CF-4EE7-7F60-9903-06D8139941B2}"
EndProject
Project("{FAE04EC0-301F-11D3-BF4B-00C04F79EFBC}") = "Unity.TextMeshPro.Editor", "Unity.TextMeshPro.Editor.csproj", "{820FDF99-AE29-87BC-C557-E476B661CBC0}"
EndProject
Project("{FAE04EC0-301F-11D3-BF4B-00C04F79EFBC}") = "Unity.2D.Animation.Editor", "Unity.2D.Animation.Editor.csproj", "{796A3954-509C-AB27-E51F-3D67413A9573}"
EndProject
Project("{FAE04EC0-301F-11D3-BF4B-00C04F79EFBC}") = "Unity.VisualScripting.SettingsProvider.Editor", "Unity.VisualScripting.SettingsProvider.Editor.csproj", "{05DE9BAC-5F99-36F5-3D11-EDD5F6F008DD}"
EndProject
Project("{FAE04EC0-301F-11D3-BF4B-00C04F79EFBC}") = "UnityEditor.TestRunner", "UnityEditor.TestRunner.csproj", "{01BD1B1C-F6FE-B839-67AE-0CE6217C0FF5}"
EndProject
Project("{FAE04EC0-301F-11D3-BF4B-00C04F79EFBC}") = "Unity.2D.Tilemap.Editor", "Unity.2D.Tilemap.Editor.csproj", "{C654AE87-71B3-C8FC-84DA-E65FB8953083}"
EndProject
Project("{FAE04EC0-301F-11D3-BF4B-00C04F79EFBC}") = "Unity.VisualScripting.Flow.Editor", "Unity.VisualScripting.Flow.Editor.csproj", "{D325AFBE-2099-0EBA-25D0-A702B5F112C3}"
EndProject
Project("{FAE04EC0-301F-11D3-BF4B-00C04F79EFBC}") = "Unity.Rider.Editor", "Unity.Rider.Editor.csproj", "{32A8EBEE-BB0A-5BB5-191C-03C90FB5A4E1}"
EndProject
Project("{FAE04EC0-301F-11D3-BF4B-00C04F79EFBC}") = "Unity.2D.Path.Editor", "Unity.2D.Path.Editor.csproj", "{6949956A-9B3D-2B84-DCA8-38C8C63C2237}"
EndProject
Project("{FAE04EC0-301F-11D3-BF4B-00C04F79EFBC}") = "PsdPlugin", "PsdPlugin.csproj", "{607A6B9B-7678-341B-5DFC-E63ECCEB9A45}"
EndProject
Project("{FAE04EC0-301F-11D3-BF4B-00C04F79EFBC}") = "Unity.CollabProxy.Editor", "Unity.CollabProxy.Editor.csproj", "{96B486CB-F976-89BF-E4D1-7EBC528371B9}"
EndProject
Project("{FAE04EC0-301F-11D3-BF4B-00C04F79EFBC}") = "Unity.RenderPipelines.Core.Editor", "Unity.RenderPipelines.Core.Editor.csproj", "{0540433C-AEA5-E13A-8759-CA923247D26B}"
EndProject
Project("{FAE04EC0-301F-11D3-BF4B-00C04F79EFBC}") = "Unity.Services.Core.Editor", "Unity.Services.Core.Editor.csproj", "{EDB6DF58-F5FB-181C-D3A1-AFE1E97DCF48}"
EndProject
Project("{FAE04EC0-301F-11D3-BF4B-00C04F79EFBC}") = "Unity.2D.SpriteShape.Editor", "Unity.2D.SpriteShape.Editor.csproj", "{943E7B77-476B-B777-1DA3-68BBF42E2DD9}"
EndProject
Project("{FAE04EC0-301F-11D3-BF4B-00C04F79EFBC}") = "Unity.Burst.CodeGen", "Unity.Burst.CodeGen.csproj", "{A869499C-6DF8-F820-7F4C-78F210A5CF76}"
EndProject
Project("{FAE04EC0-301F-11D3-BF4B-00C04F79EFBC}") = "Unity.2D.PixelPerfect.Editor", "Unity.2D.PixelPerfect.Editor.csproj", "{E711873B-7466-9CC5-5263-08F1CC8C5BC8}"
EndProject
Project("{FAE04EC0-301F-11D3-BF4B-00C04F79EFBC}") = "Unity.VSCode.Editor", "Unity.VSCode.Editor.csproj", "{FFBC50D0-C4F8-4DC9-F1AD-970E9194E6A7}"
EndProject
Project("{FAE04EC0-301F-11D3-BF4B-00C04F79EFBC}") = "Unity.VisualStudio.Editor", "Unity.VisualStudio.Editor.csproj", "{800AAFFF-3983-6457-A5EE-1C96CC734726}"
EndProject
Project("{FAE04EC0-301F-11D3-BF4B-00C04F79EFBC}") = "PPv2URPConverters", "PPv2URPConverters.csproj", "{F4900313-C63B-5158-FB80-C84A157BFC26}"
EndProject
Project("{FAE04EC0-301F-11D3-BF4B-00C04F79EFBC}") = "Unity.2D.Sprite.Editor", "Unity.2D.Sprite.Editor.csproj", "{CB49BD32-3A20-AF64-0A90-EB035015F7AB}"
EndProject
Project("{FAE04EC0-301F-11D3-BF4B-00C04F79EFBC}") = "Unity.2D.Common.Editor", "Unity.2D.Common.Editor.csproj", "{24E10F32-543F-DD8E-5820-E22A32C3CFFB}"
EndProject
Project("{FAE04EC0-301F-11D3-BF4B-00C04F79EFBC}") = "Unity.2D.Psdimporter.Editor", "Unity.2D.Psdimporter.Editor.csproj", "{A7ED6BB2-DE99-AEEA-9642-6204C2CFF0ED}"
EndProject
Project("{FAE04EC0-301F-11D3-BF4B-00C04F79EFBC}") = "Unity.VisualScripting.State.Editor", "Unity.VisualScripting.State.Editor.csproj", "{47460989-CB69-0702-5438-4111BAA45226}"
EndProject
Project("{FAE04EC0-301F-11D3-BF4B-00C04F79EFBC}") = "UnityEditor.UI", "UnityEditor.UI.csproj", "{135BC873-BD60-0027-6ED2-3A1993258B2C}"
EndProject
Project("{FAE04EC0-301F-11D3-BF4B-00C04F79EFBC}") = "Unity.Searcher.Editor", "Unity.Searcher.Editor.csproj", "{12DE0817-C13D-DF6A-A966-4773AC0C4766}"
EndProject
Project("{FAE04EC0-301F-11D3-BF4B-00C04F79EFBC}") = "Unity.Services.Core.Configuration.Editor", "Unity.Services.Core.Configuration.Editor.csproj", "{066FAD2A-ABB4-CD72-AEAE-3BF3D7D53CB2}"
EndProject
Project("{FAE04EC0-301F-11D3-BF4B-00C04F79EFBC}") = "Unity.Burst.Editor", "Unity.Burst.Editor.csproj", "{1FC8BDD2-6AC2-FDA5-4EB8-86F49F77F9FC}"
EndProject
Project("{FAE04EC0-301F-11D3-BF4B-00C04F79EFBC}") = "Unity.2D.IK.Editor", "Unity.2D.IK.Editor.csproj", "{01E6E5DE-181E-5B64-FB0A-D1C226087FB6}"
EndProject
Project("{FAE04EC0-301F-11D3-BF4B-00C04F79EFBC}") = "UniTask.Editor", "UniTask.Editor.csproj", "{22B8ECF0-71B3-2C5F-688D-6B919A36B017}"
EndProject
Project("{FAE04EC0-301F-11D3-BF4B-00C04F79EFBC}") = "Unity.ShaderGraph.Utilities", "Unity.ShaderGraph.Utilities.csproj", "{7463CDFD-EAFA-1515-7FC1-3E54040BD3A5}"
EndProject
Project("{FAE04EC0-301F-11D3-BF4B-00C04F79EFBC}") = "Unity.Mathematics.Editor", "Unity.Mathematics.Editor.csproj", "{8FC8294B-F9C1-3C96-E3C1-AC18211E5B00}"
EndProject
Project("{FAE04EC0-301F-11D3-BF4B-00C04F79EFBC}") = "Unity.2D.Tilemap.Extras.Editor", "Unity.2D.Tilemap.Extras.Editor.csproj", "{4EDE8AF4-E60D-165F-11BB-843D3B5B5657}"
EndProject
Project("{FAE04EC0-301F-11D3-BF4B-00C04F79EFBC}") = "Assembly-CSharp-Editor", "Assembly-CSharp-Editor.csproj", "{A9EFC84C-AFD4-6E77-ACD6-8DB94A27FDF8}"
EndProject
Project("{FAE04EC0-301F-11D3-BF4B-00C04F79EFBC}") = "Unity.InternalAPIEditorBridge.001", "Unity.InternalAPIEditorBridge.001.csproj", "{BF46DF4D-805C-0C45-4972-87B720383746}"
EndProject
Project("{FAE04EC0-301F-11D3-BF4B-00C04F79EFBC}") = "Unity.VisualScripting.Shared.Editor", "Unity.VisualScripting.Shared.Editor.csproj", "{A8D4FBDD-DD88-77FC-8399-40462971E7D3}"
EndProject
Project("{FAE04EC0-301F-11D3-BF4B-00C04F79EFBC}") = "UnityEngine.UI", "UnityEngine.UI.Player.csproj", "{B627C8E4-78DB-41C5-341A-005D3112FF2F}"
EndProject
Project("{FAE04EC0-301F-11D3-BF4B-00C04F79EFBC}") = "Unity.RenderPipelines.Core.Runtime", "Unity.RenderPipelines.Core.Runtime.Player.csproj", "{916BFEA6-B4D4-6B66-5B3D-D38758665C67}"
EndProject
Project("{FAE04EC0-301F-11D3-BF4B-00C04F79EFBC}") = "UnityEngine.TestRunner", "UnityEngine.TestRunner.Player.csproj", "{943A20F6-86B0-8055-8F84-B66961233D04}"
EndProject
Project("{FAE04EC0-301F-11D3-BF4B-00C04F79EFBC}") = "UniTask", "UniTask.Player.csproj", "{4D9A4C80-FB43-2FF6-D1A4-186A3A0F7477}"
EndProject
Project("{FAE04EC0-301F-11D3-BF4B-00C04F79EFBC}") = "Unity.Services.Core.Telemetry", "Unity.Services.Core.Telemetry.Player.csproj", "{8B70D81B-4066-3C8C-EF6F-D1C21DD49875}"
EndProject
Project("{FAE04EC0-301F-11D3-BF4B-00C04F79EFBC}") = "Unity.InputSystem", "Unity.InputSystem.Player.csproj", "{F59DFAB3-F7C6-6966-57D7-0A27E84BB629}"
EndProject
Project("{FAE04EC0-301F-11D3-BF4B-00C04F79EFBC}") = "Unity.VisualScripting.State", "Unity.VisualScripting.State.Player.csproj", "{6979865A-32B4-9254-895E-04E5F21F0679}"
EndProject
Project("{FAE04EC0-301F-11D3-BF4B-00C04F79EFBC}") = "Unity.RenderPipelines.Universal.Runtime", "Unity.RenderPipelines.Universal.Runtime.Player.csproj", "{D64D93D3-A53C-D617-4052-3C46CD1A677E}"
EndProject
Project("{FAE04EC0-301F-11D3-BF4B-00C04F79EFBC}") = "Unity.VisualScripting.Flow", "Unity.VisualScripting.Flow.Player.csproj", "{00834E67-FB63-875B-44C0-E76D864B3FFF}"
EndProject
Project("{FAE04EC0-301F-11D3-BF4B-00C04F79EFBC}") = "UniTask.Linq", "UniTask.Linq.Player.csproj", "{11B144B5-B4CE-C740-0E5E-267DEEABDB3B}"
EndProject
Project("{FAE04EC0-301F-11D3-BF4B-00C04F79EFBC}") = "Unity.VisualScripting.Core", "Unity.VisualScripting.Core.Player.csproj", "{F7C6772E-FA1F-2D2F-10A6-5040E88BABD6}"
EndProject
Project("{FAE04EC0-301F-11D3-BF4B-00C04F79EFBC}") = "Unity.Services.Core.Environments.Internal", "Unity.Services.Core.Environments.Internal.Player.csproj", "{0429B408-ED92-7B51-D69C-8FD72A1F1F36}"
EndProject
Project("{FAE04EC0-301F-11D3-BF4B-00C04F79EFBC}") = "Unity.2D.Animation.Runtime", "Unity.2D.Animation.Runtime.Player.csproj", "{54724E62-9AED-273D-841B-A14142E35B24}"
EndProject
Project("{FAE04EC0-301F-11D3-BF4B-00C04F79EFBC}") = "Unity.TextMeshPro", "Unity.TextMeshPro.Player.csproj", "{8DC2D00E-1A34-B7FF-40B6-2F2871CFE122}"
EndProject
Project("{FAE04EC0-301F-11D3-BF4B-00C04F79EFBC}") = "Unity.Burst", "Unity.Burst.Player.csproj", "{950C35EC-A250-4D12-F3A5-BE3F32745667}"
EndProject
Project("{FAE04EC0-301F-11D3-BF4B-00C04F79EFBC}") = "Unity.RenderPipeline.Universal.ShaderLibrary", "Unity.RenderPipeline.Universal.ShaderLibrary.Player.csproj", "{EB9FB11D-68C6-C6DE-5459-990BFB5CE7E5}"
EndProject
Project("{FAE04EC0-301F-11D3-BF4B-00C04F79EFBC}") = "Unity.Services.Core.Environments", "Unity.Services.Core.Environments.Player.csproj", "{50DE7831-DD7E-A798-4E20-EA534E92CF9F}"
EndProject
Project("{FAE04EC0-301F-11D3-BF4B-00C04F79EFBC}") = "Assembly-CSharp.Player", "Assembly-CSharp.Player.csproj", "{615BCEE5-57DC-85CD-5C40-ACD676A9E32C}"
EndProject
Project("{FAE04EC0-301F-11D3-BF4B-00C04F79EFBC}") = "Unity.2D.SpriteShape.Runtime", "Unity.2D.SpriteShape.Runtime.Player.csproj", "{38F0B312-5174-F930-F56A-BB2B80CEB9CE}"
EndProject
Project("{FAE04EC0-301F-11D3-BF4B-00C04F79EFBC}") = "Unity.Services.Core.Internal", "Unity.Services.Core.Internal.Player.csproj", "{F06A0269-F304-C2CE-C071-A573562038F5}"
EndProject
Project("{FAE04EC0-301F-11D3-BF4B-00C04F79EFBC}") = "Unity.Timeline", "Unity.Timeline.Player.csproj", "{8834202E-5354-910E-B0ED-25931436438D}"
EndProject
Project("{FAE04EC0-301F-11D3-BF4B-00C04F79EFBC}") = "Unity.Mathematics", "Unity.Mathematics.Player.csproj", "{9ED92545-E38D-D420-67A1-A9F3B68197F3}"
EndProject
Project("{FAE04EC0-301F-11D3-BF4B-00C04F79EFBC}") = "UniTask.DOTween", "UniTask.DOTween.Player.csproj", "{5104AF66-E83A-7348-9C89-955A04525F7C}"
EndProject
Project("{FAE04EC0-301F-11D3-BF4B-00C04F79EFBC}") = "Unity.Services.Core.Scheduler", "Unity.Services.Core.Scheduler.Player.csproj", "{6BC07080-2FF2-9494-B8B3-FCB60194DB41}"
EndProject
Project("{FAE04EC0-301F-11D3-BF4B-00C04F79EFBC}") = "Unity.2D.PixelPerfect", "Unity.2D.PixelPerfect.Player.csproj", "{7FAC6BE3-7FAB-CED9-BE65-8FE7266A238F}"
EndProject
Project("{FAE04EC0-301F-11D3-BF4B-00C04F79EFBC}") = "Unity.Services.Core.Device", "Unity.Services.Core.Device.Player.csproj", "{8D1B217E-241C-CC48-627E-A413F0B4ECF1}"
EndProject
Project("{FAE04EC0-301F-11D3-BF4B-00C04F79EFBC}") = "Unity.Services.Core.Analytics", "Unity.Services.Core.Analytics.Player.csproj", "{405285EF-16FF-6FA2-680A-5DA500407AE7}"
EndProject
Project("{FAE04EC0-301F-11D3-BF4B-00C04F79EFBC}") = "Unity.2D.IK.Runtime", "Unity.2D.IK.Runtime.Player.csproj", "{CDF2C924-58D4-5C3B-9E75-B233CDD53DF1}"
EndProject
Project("{FAE04EC0-301F-11D3-BF4B-00C04F79EFBC}") = "Assembly-CSharp-firstpass", "Assembly-CSharp-firstpass.Player.csproj", "{143A22A8-4FB8-CEEB-6D80-4355E32E4056}"
EndProject
Project("{FAE04EC0-301F-11D3-BF4B-00C04F79EFBC}") = "Unity.2D.Tilemap.Extras", "Unity.2D.Tilemap.Extras.Player.csproj", "{5EED9275-408E-8BCA-0AC7-EE7BD579DE24}"
EndProject
Project("{FAE04EC0-301F-11D3-BF4B-00C04F79EFBC}") = "Unity.Services.Core.Threading", "Unity.Services.Core.Threading.Player.csproj", "{5A16FC24-11AB-42B1-C455-8FD11852982F}"
EndProject
Project("{FAE04EC0-301F-11D3-BF4B-00C04F79EFBC}") = "Unity.2D.Common.Runtime", "Unity.2D.Common.Runtime.Player.csproj", "{4A937166-6897-4D95-1541-D98C806171EA}"
EndProject
Project("{FAE04EC0-301F-11D3-BF4B-00C04F79EFBC}") = "Unity.Services.Core.Configuration", "Unity.Services.Core.Configuration.Player.csproj", "{FA18F7CE-D8DD-AEA3-7B41-BD24F9E99A33}"
EndProject
Project("{FAE04EC0-301F-11D3-BF4B-00C04F79EFBC}") = "Unity.Services.Core", "Unity.Services.Core.Player.csproj", "{16DBFEDF-6583-30FD-BD9E-8D10DC68285D}"
EndProject
Project("{FAE04EC0-301F-11D3-BF4B-00C04F79EFBC}") = "Unity.Services.Core.Networking", "Unity.Services.Core.Networking.Player.csproj", "{7F983894-3719-3D00-08E9-5C2F47D2E2AF}"
EndProject
Project("{FAE04EC0-301F-11D3-BF4B-00C04F79EFBC}") = "Unity.Services.Core.Registration", "Unity.Services.Core.Registration.Player.csproj", "{37D7C9F1-3504-5A25-5282-83B33ED52567}"
EndProject
Project("{FAE04EC0-301F-11D3-BF4B-00C04F79EFBC}") = "UniTask.Addressables", "UniTask.Addressables.Player.csproj", "{B6BC4F3D-79C9-DE9A-E7CD-1D3E501F61EF}"
EndProject
Project("{FAE04EC0-301F-11D3-BF4B-00C04F79EFBC}") = "Unity.RenderPipelines.ShaderGraph.ShaderGraphLibrary", "Unity.RenderPipelines.ShaderGraph.ShaderGraphLibrary.Player.csproj", "{CBBF77B5-48CA-F9CB-C5ED-2731DBCD8866}"
EndProject
Project("{FAE04EC0-301F-11D3-BF4B-00C04F79EFBC}") = "Unity.RenderPipelines.Core.ShaderLibrary", "Unity.RenderPipelines.Core.ShaderLibrary.Player.csproj", "{4A72E7E0-38EB-E686-BFEC-0827526E0296}"
EndProject
Project("{FAE04EC0-301F-11D3-BF4B-00C04F79EFBC}") = "UniTask.TextMeshPro", "UniTask.TextMeshPro.Player.csproj", "{34A1AD51-E617-7EB3-4916-10C0319A38DE}"
EndProject
Project("{FAE04EC0-301F-11D3-BF4B-00C04F79EFBC}") = "Unity.InternalAPIEngineBridge.001", "Unity.InternalAPIEngineBridge.001.Player.csproj", "{4472A17D-E0E7-9AB4-B022-A7B6370340B8}"
EndProject
Project("{FAE04EC0-301F-11D3-BF4B-00C04F79EFBC}") = "Unity.RenderPipelines.Universal.Shaders", "Unity.RenderPipelines.Universal.Shaders.Player.csproj", "{6887D9C6-CD7C-F06B-AE77-3F7EFC228BE8}"
EndProject
Global
	GlobalSection(SolutionConfigurationPlatforms) = preSolution
		Debug|Any CPU = Debug|Any CPU
		Release|Any CPU = Release|Any CPU
	EndGlobalSection
	GlobalSection(ProjectConfigurationPlatforms) = postSolution
		{13F0B0FD-21C9-D0D2-5AD1-1D174C9681E9}.Debug|Any CPU.ActiveCfg = Debug|Any CPU
		{13F0B0FD-21C9-D0D2-5AD1-1D174C9681E9}.Debug|Any CPU.Build.0 = Debug|Any CPU
		{13F0B0FD-21C9-D0D2-5AD1-1D174C9681E9}.Release|Any CPU.ActiveCfg = Release|Any CPU
		{13F0B0FD-21C9-D0D2-5AD1-1D174C9681E9}.Release|Any CPU.Build.0 = Release|Any CPU
		{4846B349-2AD5-CA9F-617B-5C8EE25F5211}.Debug|Any CPU.ActiveCfg = Debug|Any CPU
		{4846B349-2AD5-CA9F-617B-5C8EE25F5211}.Debug|Any CPU.Build.0 = Debug|Any CPU
		{4846B349-2AD5-CA9F-617B-5C8EE25F5211}.Release|Any CPU.ActiveCfg = Release|Any CPU
		{4846B349-2AD5-CA9F-617B-5C8EE25F5211}.Release|Any CPU.Build.0 = Release|Any CPU
		{57184830-00C4-2FE9-ABBA-F79229BA0090}.Debug|Any CPU.ActiveCfg = Debug|Any CPU
		{57184830-00C4-2FE9-ABBA-F79229BA0090}.Debug|Any CPU.Build.0 = Debug|Any CPU
		{57184830-00C4-2FE9-ABBA-F79229BA0090}.Release|Any CPU.ActiveCfg = Release|Any CPU
		{57184830-00C4-2FE9-ABBA-F79229BA0090}.Release|Any CPU.Build.0 = Release|Any CPU
		{E9E2F806-F2FA-E71C-5459-BC8D3845EE4E}.Debug|Any CPU.ActiveCfg = Debug|Any CPU
		{E9E2F806-F2FA-E71C-5459-BC8D3845EE4E}.Debug|Any CPU.Build.0 = Debug|Any CPU
		{E9E2F806-F2FA-E71C-5459-BC8D3845EE4E}.Release|Any CPU.ActiveCfg = Release|Any CPU
		{E9E2F806-F2FA-E71C-5459-BC8D3845EE4E}.Release|Any CPU.Build.0 = Release|Any CPU
		{866FC89B-ED51-F431-37CA-4472D378E6DC}.Debug|Any CPU.ActiveCfg = Debug|Any CPU
		{866FC89B-ED51-F431-37CA-4472D378E6DC}.Debug|Any CPU.Build.0 = Debug|Any CPU
		{866FC89B-ED51-F431-37CA-4472D378E6DC}.Release|Any CPU.ActiveCfg = Release|Any CPU
		{866FC89B-ED51-F431-37CA-4472D378E6DC}.Release|Any CPU.Build.0 = Release|Any CPU
		{B9B91C1C-BC10-0461-B38A-12FA6DEB1887}.Debug|Any CPU.ActiveCfg = Debug|Any CPU
		{B9B91C1C-BC10-0461-B38A-12FA6DEB1887}.Debug|Any CPU.Build.0 = Debug|Any CPU
		{B9B91C1C-BC10-0461-B38A-12FA6DEB1887}.Release|Any CPU.ActiveCfg = Release|Any CPU
		{B9B91C1C-BC10-0461-B38A-12FA6DEB1887}.Release|Any CPU.Build.0 = Release|Any CPU
		{9065B12B-D6E2-415B-1241-F5051477118E}.Debug|Any CPU.ActiveCfg = Debug|Any CPU
		{9065B12B-D6E2-415B-1241-F5051477118E}.Debug|Any CPU.Build.0 = Debug|Any CPU
		{9065B12B-D6E2-415B-1241-F5051477118E}.Release|Any CPU.ActiveCfg = Release|Any CPU
		{9065B12B-D6E2-415B-1241-F5051477118E}.Release|Any CPU.Build.0 = Release|Any CPU
		{1EB54EAD-A321-5656-ACEF-413E76375EE2}.Debug|Any CPU.ActiveCfg = Debug|Any CPU
		{1EB54EAD-A321-5656-ACEF-413E76375EE2}.Debug|Any CPU.Build.0 = Debug|Any CPU
		{1EB54EAD-A321-5656-ACEF-413E76375EE2}.Release|Any CPU.ActiveCfg = Release|Any CPU
		{1EB54EAD-A321-5656-ACEF-413E76375EE2}.Release|Any CPU.Build.0 = Release|Any CPU
		{CCC13DF4-DB17-25A4-B797-6ECA3EF473AB}.Debug|Any CPU.ActiveCfg = Debug|Any CPU
		{CCC13DF4-DB17-25A4-B797-6ECA3EF473AB}.Debug|Any CPU.Build.0 = Debug|Any CPU
		{CCC13DF4-DB17-25A4-B797-6ECA3EF473AB}.Release|Any CPU.ActiveCfg = Release|Any CPU
		{CCC13DF4-DB17-25A4-B797-6ECA3EF473AB}.Release|Any CPU.Build.0 = Release|Any CPU
		{0CCC6055-5242-BC97-2A5E-9CC618FBD39B}.Debug|Any CPU.ActiveCfg = Debug|Any CPU
		{0CCC6055-5242-BC97-2A5E-9CC618FBD39B}.Debug|Any CPU.Build.0 = Debug|Any CPU
		{0CCC6055-5242-BC97-2A5E-9CC618FBD39B}.Release|Any CPU.ActiveCfg = Release|Any CPU
		{0CCC6055-5242-BC97-2A5E-9CC618FBD39B}.Release|Any CPU.Build.0 = Release|Any CPU
		{D7B1177B-6897-16E4-A83F-2B9EE9203E43}.Debug|Any CPU.ActiveCfg = Debug|Any CPU
		{D7B1177B-6897-16E4-A83F-2B9EE9203E43}.Debug|Any CPU.Build.0 = Debug|Any CPU
		{D7B1177B-6897-16E4-A83F-2B9EE9203E43}.Release|Any CPU.ActiveCfg = Release|Any CPU
		{D7B1177B-6897-16E4-A83F-2B9EE9203E43}.Release|Any CPU.Build.0 = Release|Any CPU
		{678FE91B-D91A-D97B-28B1-049876DAFDC6}.Debug|Any CPU.ActiveCfg = Debug|Any CPU
		{678FE91B-D91A-D97B-28B1-049876DAFDC6}.Debug|Any CPU.Build.0 = Debug|Any CPU
		{678FE91B-D91A-D97B-28B1-049876DAFDC6}.Release|Any CPU.ActiveCfg = Release|Any CPU
		{678FE91B-D91A-D97B-28B1-049876DAFDC6}.Release|Any CPU.Build.0 = Release|Any CPU
		{104DA32C-DDFD-1F88-F32B-367DE945CB22}.Debug|Any CPU.ActiveCfg = Debug|Any CPU
		{104DA32C-DDFD-1F88-F32B-367DE945CB22}.Debug|Any CPU.Build.0 = Debug|Any CPU
		{104DA32C-DDFD-1F88-F32B-367DE945CB22}.Release|Any CPU.ActiveCfg = Release|Any CPU
		{104DA32C-DDFD-1F88-F32B-367DE945CB22}.Release|Any CPU.Build.0 = Release|Any CPU
		{A9D409F3-147B-1054-F9D3-CB48D6B358FD}.Debug|Any CPU.ActiveCfg = Debug|Any CPU
		{A9D409F3-147B-1054-F9D3-CB48D6B358FD}.Debug|Any CPU.Build.0 = Debug|Any CPU
		{A9D409F3-147B-1054-F9D3-CB48D6B358FD}.Release|Any CPU.ActiveCfg = Release|Any CPU
		{A9D409F3-147B-1054-F9D3-CB48D6B358FD}.Release|Any CPU.Build.0 = Release|Any CPU
		{5BCD515B-4349-117F-2CA2-2F2FCB556E53}.Debug|Any CPU.ActiveCfg = Debug|Any CPU
		{5BCD515B-4349-117F-2CA2-2F2FCB556E53}.Debug|Any CPU.Build.0 = Debug|Any CPU
		{5BCD515B-4349-117F-2CA2-2F2FCB556E53}.Release|Any CPU.ActiveCfg = Release|Any CPU
		{5BCD515B-4349-117F-2CA2-2F2FCB556E53}.Release|Any CPU.Build.0 = Release|Any CPU
		{9CAF8FDD-2DCC-23EA-78DE-764CE506B42A}.Debug|Any CPU.ActiveCfg = Debug|Any CPU
		{9CAF8FDD-2DCC-23EA-78DE-764CE506B42A}.Debug|Any CPU.Build.0 = Debug|Any CPU
		{9CAF8FDD-2DCC-23EA-78DE-764CE506B42A}.Release|Any CPU.ActiveCfg = Release|Any CPU
		{9CAF8FDD-2DCC-23EA-78DE-764CE506B42A}.Release|Any CPU.Build.0 = Release|Any CPU
		{E72FB104-66F8-A550-8B96-6ED04A5919FE}.Debug|Any CPU.ActiveCfg = Debug|Any CPU
		{E72FB104-66F8-A550-8B96-6ED04A5919FE}.Debug|Any CPU.Build.0 = Debug|Any CPU
		{E72FB104-66F8-A550-8B96-6ED04A5919FE}.Release|Any CPU.ActiveCfg = Release|Any CPU
		{E72FB104-66F8-A550-8B96-6ED04A5919FE}.Release|Any CPU.Build.0 = Release|Any CPU
		{B8DFCE64-A1B3-31BD-62D3-A86606697F0F}.Debug|Any CPU.ActiveCfg = Debug|Any CPU
		{B8DFCE64-A1B3-31BD-62D3-A86606697F0F}.Debug|Any CPU.Build.0 = Debug|Any CPU
		{B8DFCE64-A1B3-31BD-62D3-A86606697F0F}.Release|Any CPU.ActiveCfg = Release|Any CPU
		{B8DFCE64-A1B3-31BD-62D3-A86606697F0F}.Release|Any CPU.Build.0 = Release|Any CPU
		{4CEF9A94-5BCE-915D-FB41-95111F8BDAFF}.Debug|Any CPU.ActiveCfg = Debug|Any CPU
		{4CEF9A94-5BCE-915D-FB41-95111F8BDAFF}.Debug|Any CPU.Build.0 = Debug|Any CPU
		{4CEF9A94-5BCE-915D-FB41-95111F8BDAFF}.Release|Any CPU.ActiveCfg = Release|Any CPU
		{4CEF9A94-5BCE-915D-FB41-95111F8BDAFF}.Release|Any CPU.Build.0 = Release|Any CPU
		{F0396532-A38C-961A-A28B-9666D23F196A}.Debug|Any CPU.ActiveCfg = Debug|Any CPU
		{F0396532-A38C-961A-A28B-9666D23F196A}.Debug|Any CPU.Build.0 = Debug|Any CPU
		{F0396532-A38C-961A-A28B-9666D23F196A}.Release|Any CPU.ActiveCfg = Release|Any CPU
		{F0396532-A38C-961A-A28B-9666D23F196A}.Release|Any CPU.Build.0 = Release|Any CPU
		{4122AFDE-14ED-B65B-E3D8-A4193536E08D}.Debug|Any CPU.ActiveCfg = Debug|Any CPU
		{4122AFDE-14ED-B65B-E3D8-A4193536E08D}.Debug|Any CPU.Build.0 = Debug|Any CPU
		{4122AFDE-14ED-B65B-E3D8-A4193536E08D}.Release|Any CPU.ActiveCfg = Release|Any CPU
		{4122AFDE-14ED-B65B-E3D8-A4193536E08D}.Release|Any CPU.Build.0 = Release|Any CPU
		{13D6A67D-5111-F885-9186-9874F8E26E16}.Debug|Any CPU.ActiveCfg = Debug|Any CPU
		{13D6A67D-5111-F885-9186-9874F8E26E16}.Debug|Any CPU.Build.0 = Debug|Any CPU
		{13D6A67D-5111-F885-9186-9874F8E26E16}.Release|Any CPU.ActiveCfg = Release|Any CPU
		{13D6A67D-5111-F885-9186-9874F8E26E16}.Release|Any CPU.Build.0 = Release|Any CPU
		{B2D1C1BC-6A62-EDA0-2D68-61EBE70AD905}.Debug|Any CPU.ActiveCfg = Debug|Any CPU
		{B2D1C1BC-6A62-EDA0-2D68-61EBE70AD905}.Debug|Any CPU.Build.0 = Debug|Any CPU
		{B2D1C1BC-6A62-EDA0-2D68-61EBE70AD905}.Release|Any CPU.ActiveCfg = Release|Any CPU
		{B2D1C1BC-6A62-EDA0-2D68-61EBE70AD905}.Release|Any CPU.Build.0 = Release|Any CPU
		{D3F8DE9C-1088-E899-84CD-7492555F5E76}.Debug|Any CPU.ActiveCfg = Debug|Any CPU
		{D3F8DE9C-1088-E899-84CD-7492555F5E76}.Debug|Any CPU.Build.0 = Debug|Any CPU
		{D3F8DE9C-1088-E899-84CD-7492555F5E76}.Release|Any CPU.ActiveCfg = Release|Any CPU
		{D3F8DE9C-1088-E899-84CD-7492555F5E76}.Release|Any CPU.Build.0 = Release|Any CPU
		{EF8AB17F-FD39-A085-A724-F70F70A19C51}.Debug|Any CPU.ActiveCfg = Debug|Any CPU
		{EF8AB17F-FD39-A085-A724-F70F70A19C51}.Debug|Any CPU.Build.0 = Debug|Any CPU
		{EF8AB17F-FD39-A085-A724-F70F70A19C51}.Release|Any CPU.ActiveCfg = Release|Any CPU
		{EF8AB17F-FD39-A085-A724-F70F70A19C51}.Release|Any CPU.Build.0 = Release|Any CPU
		{B946C6BD-848A-EF1A-C91D-9E504D8B03CD}.Debug|Any CPU.ActiveCfg = Debug|Any CPU
		{B946C6BD-848A-EF1A-C91D-9E504D8B03CD}.Debug|Any CPU.Build.0 = Debug|Any CPU
		{B946C6BD-848A-EF1A-C91D-9E504D8B03CD}.Release|Any CPU.ActiveCfg = Release|Any CPU
		{B946C6BD-848A-EF1A-C91D-9E504D8B03CD}.Release|Any CPU.Build.0 = Release|Any CPU
		{615BD9B0-DDAE-6610-9708-57ECB0D318BB}.Debug|Any CPU.ActiveCfg = Debug|Any CPU
		{615BD9B0-DDAE-6610-9708-57ECB0D318BB}.Debug|Any CPU.Build.0 = Debug|Any CPU
		{615BD9B0-DDAE-6610-9708-57ECB0D318BB}.Release|Any CPU.ActiveCfg = Release|Any CPU
		{615BD9B0-DDAE-6610-9708-57ECB0D318BB}.Release|Any CPU.Build.0 = Release|Any CPU
		{ECD0F09F-339B-2686-C90C-50887B69214F}.Debug|Any CPU.ActiveCfg = Debug|Any CPU
		{ECD0F09F-339B-2686-C90C-50887B69214F}.Debug|Any CPU.Build.0 = Debug|Any CPU
		{ECD0F09F-339B-2686-C90C-50887B69214F}.Release|Any CPU.ActiveCfg = Release|Any CPU
		{ECD0F09F-339B-2686-C90C-50887B69214F}.Release|Any CPU.Build.0 = Release|Any CPU
		{511BCA27-2274-1240-5D98-D175D8D6A3C5}.Debug|Any CPU.ActiveCfg = Debug|Any CPU
		{511BCA27-2274-1240-5D98-D175D8D6A3C5}.Debug|Any CPU.Build.0 = Debug|Any CPU
		{511BCA27-2274-1240-5D98-D175D8D6A3C5}.Release|Any CPU.ActiveCfg = Release|Any CPU
		{511BCA27-2274-1240-5D98-D175D8D6A3C5}.Release|Any CPU.Build.0 = Release|Any CPU
		{CC3BA599-2515-2519-6F70-7AE51DA1A431}.Debug|Any CPU.ActiveCfg = Debug|Any CPU
		{CC3BA599-2515-2519-6F70-7AE51DA1A431}.Debug|Any CPU.Build.0 = Debug|Any CPU
		{CC3BA599-2515-2519-6F70-7AE51DA1A431}.Release|Any CPU.ActiveCfg = Release|Any CPU
		{CC3BA599-2515-2519-6F70-7AE51DA1A431}.Release|Any CPU.Build.0 = Release|Any CPU
		{221F1124-AFA8-4DB1-41D3-B0E7B2F74C3E}.Debug|Any CPU.ActiveCfg = Debug|Any CPU
		{221F1124-AFA8-4DB1-41D3-B0E7B2F74C3E}.Debug|Any CPU.Build.0 = Debug|Any CPU
		{221F1124-AFA8-4DB1-41D3-B0E7B2F74C3E}.Release|Any CPU.ActiveCfg = Release|Any CPU
		{221F1124-AFA8-4DB1-41D3-B0E7B2F74C3E}.Release|Any CPU.Build.0 = Release|Any CPU
		{C695C70B-21C6-0B73-FB6B-45893806F766}.Debug|Any CPU.ActiveCfg = Debug|Any CPU
		{C695C70B-21C6-0B73-FB6B-45893806F766}.Debug|Any CPU.Build.0 = Debug|Any CPU
		{C695C70B-21C6-0B73-FB6B-45893806F766}.Release|Any CPU.ActiveCfg = Release|Any CPU
		{C695C70B-21C6-0B73-FB6B-45893806F766}.Release|Any CPU.Build.0 = Release|Any CPU
		{7AD25BDD-F237-BF3A-AEA6-FB22D40721A7}.Debug|Any CPU.ActiveCfg = Debug|Any CPU
		{7AD25BDD-F237-BF3A-AEA6-FB22D40721A7}.Debug|Any CPU.Build.0 = Debug|Any CPU
		{7AD25BDD-F237-BF3A-AEA6-FB22D40721A7}.Release|Any CPU.ActiveCfg = Release|Any CPU
		{7AD25BDD-F237-BF3A-AEA6-FB22D40721A7}.Release|Any CPU.Build.0 = Release|Any CPU
		{D8B4CA8B-A215-A10F-41E6-E61FAC393690}.Debug|Any CPU.ActiveCfg = Debug|Any CPU
		{D8B4CA8B-A215-A10F-41E6-E61FAC393690}.Debug|Any CPU.Build.0 = Debug|Any CPU
		{D8B4CA8B-A215-A10F-41E6-E61FAC393690}.Release|Any CPU.ActiveCfg = Release|Any CPU
		{D8B4CA8B-A215-A10F-41E6-E61FAC393690}.Release|Any CPU.Build.0 = Release|Any CPU
		{1958A195-DBA7-23BF-0E38-EC2ABF7070E6}.Debug|Any CPU.ActiveCfg = Debug|Any CPU
		{1958A195-DBA7-23BF-0E38-EC2ABF7070E6}.Debug|Any CPU.Build.0 = Debug|Any CPU
		{1958A195-DBA7-23BF-0E38-EC2ABF7070E6}.Release|Any CPU.ActiveCfg = Release|Any CPU
		{1958A195-DBA7-23BF-0E38-EC2ABF7070E6}.Release|Any CPU.Build.0 = Release|Any CPU
		{93520CB2-4540-75C9-9919-4AD8E8831DB4}.Debug|Any CPU.ActiveCfg = Debug|Any CPU
		{93520CB2-4540-75C9-9919-4AD8E8831DB4}.Debug|Any CPU.Build.0 = Debug|Any CPU
		{93520CB2-4540-75C9-9919-4AD8E8831DB4}.Release|Any CPU.ActiveCfg = Release|Any CPU
		{93520CB2-4540-75C9-9919-4AD8E8831DB4}.Release|Any CPU.Build.0 = Release|Any CPU
		{2F6BA16E-87D8-CFD2-274D-D2EAC523EBD6}.Debug|Any CPU.ActiveCfg = Debug|Any CPU
		{2F6BA16E-87D8-CFD2-274D-D2EAC523EBD6}.Debug|Any CPU.Build.0 = Debug|Any CPU
		{2F6BA16E-87D8-CFD2-274D-D2EAC523EBD6}.Release|Any CPU.ActiveCfg = Release|Any CPU
		{2F6BA16E-87D8-CFD2-274D-D2EAC523EBD6}.Release|Any CPU.Build.0 = Release|Any CPU
		{DD42E084-AF95-1C2C-5C04-688BBD6760D4}.Debug|Any CPU.ActiveCfg = Debug|Any CPU
		{DD42E084-AF95-1C2C-5C04-688BBD6760D4}.Debug|Any CPU.Build.0 = Debug|Any CPU
		{DD42E084-AF95-1C2C-5C04-688BBD6760D4}.Release|Any CPU.ActiveCfg = Release|Any CPU
		{DD42E084-AF95-1C2C-5C04-688BBD6760D4}.Release|Any CPU.Build.0 = Release|Any CPU
		{48947E8C-9756-D196-80D2-5DDE6E5F3840}.Debug|Any CPU.ActiveCfg = Debug|Any CPU
		{48947E8C-9756-D196-80D2-5DDE6E5F3840}.Debug|Any CPU.Build.0 = Debug|Any CPU
		{48947E8C-9756-D196-80D2-5DDE6E5F3840}.Release|Any CPU.ActiveCfg = Release|Any CPU
		{48947E8C-9756-D196-80D2-5DDE6E5F3840}.Release|Any CPU.Build.0 = Release|Any CPU
		{6CC6C59C-C494-2E41-20D2-DF754D42ED33}.Debug|Any CPU.ActiveCfg = Debug|Any CPU
		{6CC6C59C-C494-2E41-20D2-DF754D42ED33}.Debug|Any CPU.Build.0 = Debug|Any CPU
		{6CC6C59C-C494-2E41-20D2-DF754D42ED33}.Release|Any CPU.ActiveCfg = Release|Any CPU
		{6CC6C59C-C494-2E41-20D2-DF754D42ED33}.Release|Any CPU.Build.0 = Release|Any CPU
		{7D734562-524E-BABC-0D8C-26A559344F09}.Debug|Any CPU.ActiveCfg = Debug|Any CPU
		{7D734562-524E-BABC-0D8C-26A559344F09}.Debug|Any CPU.Build.0 = Debug|Any CPU
		{7D734562-524E-BABC-0D8C-26A559344F09}.Release|Any CPU.ActiveCfg = Release|Any CPU
		{7D734562-524E-BABC-0D8C-26A559344F09}.Release|Any CPU.Build.0 = Release|Any CPU
		{F58FE875-15C2-F1FE-395E-F989B08D3BF0}.Debug|Any CPU.ActiveCfg = Debug|Any CPU
		{F58FE875-15C2-F1FE-395E-F989B08D3BF0}.Debug|Any CPU.Build.0 = Debug|Any CPU
		{F58FE875-15C2-F1FE-395E-F989B08D3BF0}.Release|Any CPU.ActiveCfg = Release|Any CPU
		{F58FE875-15C2-F1FE-395E-F989B08D3BF0}.Release|Any CPU.Build.0 = Release|Any CPU
		{436AAD0E-BD94-DE7D-C271-4791DD715712}.Debug|Any CPU.ActiveCfg = Debug|Any CPU
		{436AAD0E-BD94-DE7D-C271-4791DD715712}.Debug|Any CPU.Build.0 = Debug|Any CPU
		{436AAD0E-BD94-DE7D-C271-4791DD715712}.Release|Any CPU.ActiveCfg = Release|Any CPU
		{436AAD0E-BD94-DE7D-C271-4791DD715712}.Release|Any CPU.Build.0 = Release|Any CPU
		{297E8234-D590-491B-98ED-C046C6BF7BEC}.Debug|Any CPU.ActiveCfg = Debug|Any CPU
		{297E8234-D590-491B-98ED-C046C6BF7BEC}.Debug|Any CPU.Build.0 = Debug|Any CPU
		{297E8234-D590-491B-98ED-C046C6BF7BEC}.Release|Any CPU.ActiveCfg = Release|Any CPU
		{297E8234-D590-491B-98ED-C046C6BF7BEC}.Release|Any CPU.Build.0 = Release|Any CPU
		{C1095FA1-10C7-F1B6-1263-D756E45B4B3C}.Debug|Any CPU.ActiveCfg = Debug|Any CPU
		{C1095FA1-10C7-F1B6-1263-D756E45B4B3C}.Debug|Any CPU.Build.0 = Debug|Any CPU
		{C1095FA1-10C7-F1B6-1263-D756E45B4B3C}.Release|Any CPU.ActiveCfg = Release|Any CPU
		{C1095FA1-10C7-F1B6-1263-D756E45B4B3C}.Release|Any CPU.Build.0 = Release|Any CPU
		{8AEEBC23-2C85-A998-A887-2F76426844DF}.Debug|Any CPU.ActiveCfg = Debug|Any CPU
		{8AEEBC23-2C85-A998-A887-2F76426844DF}.Debug|Any CPU.Build.0 = Debug|Any CPU
		{8AEEBC23-2C85-A998-A887-2F76426844DF}.Release|Any CPU.ActiveCfg = Release|Any CPU
		{8AEEBC23-2C85-A998-A887-2F76426844DF}.Release|Any CPU.Build.0 = Release|Any CPU
		{BC1DD7CF-4EE7-7F60-9903-06D8139941B2}.Debug|Any CPU.ActiveCfg = Debug|Any CPU
		{BC1DD7CF-4EE7-7F60-9903-06D8139941B2}.Debug|Any CPU.Build.0 = Debug|Any CPU
		{BC1DD7CF-4EE7-7F60-9903-06D8139941B2}.Release|Any CPU.ActiveCfg = Release|Any CPU
		{BC1DD7CF-4EE7-7F60-9903-06D8139941B2}.Release|Any CPU.Build.0 = Release|Any CPU
		{820FDF99-AE29-87BC-C557-E476B661CBC0}.Debug|Any CPU.ActiveCfg = Debug|Any CPU
		{820FDF99-AE29-87BC-C557-E476B661CBC0}.Debug|Any CPU.Build.0 = Debug|Any CPU
		{820FDF99-AE29-87BC-C557-E476B661CBC0}.Release|Any CPU.ActiveCfg = Release|Any CPU
		{820FDF99-AE29-87BC-C557-E476B661CBC0}.Release|Any CPU.Build.0 = Release|Any CPU
		{796A3954-509C-AB27-E51F-3D67413A9573}.Debug|Any CPU.ActiveCfg = Debug|Any CPU
		{796A3954-509C-AB27-E51F-3D67413A9573}.Debug|Any CPU.Build.0 = Debug|Any CPU
		{796A3954-509C-AB27-E51F-3D67413A9573}.Release|Any CPU.ActiveCfg = Release|Any CPU
		{796A3954-509C-AB27-E51F-3D67413A9573}.Release|Any CPU.Build.0 = Release|Any CPU
		{05DE9BAC-5F99-36F5-3D11-EDD5F6F008DD}.Debug|Any CPU.ActiveCfg = Debug|Any CPU
		{05DE9BAC-5F99-36F5-3D11-EDD5F6F008DD}.Debug|Any CPU.Build.0 = Debug|Any CPU
		{05DE9BAC-5F99-36F5-3D11-EDD5F6F008DD}.Release|Any CPU.ActiveCfg = Release|Any CPU
		{05DE9BAC-5F99-36F5-3D11-EDD5F6F008DD}.Release|Any CPU.Build.0 = Release|Any CPU
		{01BD1B1C-F6FE-B839-67AE-0CE6217C0FF5}.Debug|Any CPU.ActiveCfg = Debug|Any CPU
		{01BD1B1C-F6FE-B839-67AE-0CE6217C0FF5}.Debug|Any CPU.Build.0 = Debug|Any CPU
		{01BD1B1C-F6FE-B839-67AE-0CE6217C0FF5}.Release|Any CPU.ActiveCfg = Release|Any CPU
		{01BD1B1C-F6FE-B839-67AE-0CE6217C0FF5}.Release|Any CPU.Build.0 = Release|Any CPU
		{C654AE87-71B3-C8FC-84DA-E65FB8953083}.Debug|Any CPU.ActiveCfg = Debug|Any CPU
		{C654AE87-71B3-C8FC-84DA-E65FB8953083}.Debug|Any CPU.Build.0 = Debug|Any CPU
		{C654AE87-71B3-C8FC-84DA-E65FB8953083}.Release|Any CPU.ActiveCfg = Release|Any CPU
		{C654AE87-71B3-C8FC-84DA-E65FB8953083}.Release|Any CPU.Build.0 = Release|Any CPU
		{D325AFBE-2099-0EBA-25D0-A702B5F112C3}.Debug|Any CPU.ActiveCfg = Debug|Any CPU
		{D325AFBE-2099-0EBA-25D0-A702B5F112C3}.Debug|Any CPU.Build.0 = Debug|Any CPU
		{D325AFBE-2099-0EBA-25D0-A702B5F112C3}.Release|Any CPU.ActiveCfg = Release|Any CPU
		{D325AFBE-2099-0EBA-25D0-A702B5F112C3}.Release|Any CPU.Build.0 = Release|Any CPU
		{32A8EBEE-BB0A-5BB5-191C-03C90FB5A4E1}.Debug|Any CPU.ActiveCfg = Debug|Any CPU
		{32A8EBEE-BB0A-5BB5-191C-03C90FB5A4E1}.Debug|Any CPU.Build.0 = Debug|Any CPU
		{32A8EBEE-BB0A-5BB5-191C-03C90FB5A4E1}.Release|Any CPU.ActiveCfg = Release|Any CPU
		{32A8EBEE-BB0A-5BB5-191C-03C90FB5A4E1}.Release|Any CPU.Build.0 = Release|Any CPU
		{6949956A-9B3D-2B84-DCA8-38C8C63C2237}.Debug|Any CPU.ActiveCfg = Debug|Any CPU
		{6949956A-9B3D-2B84-DCA8-38C8C63C2237}.Debug|Any CPU.Build.0 = Debug|Any CPU
		{6949956A-9B3D-2B84-DCA8-38C8C63C2237}.Release|Any CPU.ActiveCfg = Release|Any CPU
		{6949956A-9B3D-2B84-DCA8-38C8C63C2237}.Release|Any CPU.Build.0 = Release|Any CPU
		{607A6B9B-7678-341B-5DFC-E63ECCEB9A45}.Debug|Any CPU.ActiveCfg = Debug|Any CPU
		{607A6B9B-7678-341B-5DFC-E63ECCEB9A45}.Debug|Any CPU.Build.0 = Debug|Any CPU
		{607A6B9B-7678-341B-5DFC-E63ECCEB9A45}.Release|Any CPU.ActiveCfg = Release|Any CPU
		{607A6B9B-7678-341B-5DFC-E63ECCEB9A45}.Release|Any CPU.Build.0 = Release|Any CPU
		{96B486CB-F976-89BF-E4D1-7EBC528371B9}.Debug|Any CPU.ActiveCfg = Debug|Any CPU
		{96B486CB-F976-89BF-E4D1-7EBC528371B9}.Debug|Any CPU.Build.0 = Debug|Any CPU
		{96B486CB-F976-89BF-E4D1-7EBC528371B9}.Release|Any CPU.ActiveCfg = Release|Any CPU
		{96B486CB-F976-89BF-E4D1-7EBC528371B9}.Release|Any CPU.Build.0 = Release|Any CPU
		{0540433C-AEA5-E13A-8759-CA923247D26B}.Debug|Any CPU.ActiveCfg = Debug|Any CPU
		{0540433C-AEA5-E13A-8759-CA923247D26B}.Debug|Any CPU.Build.0 = Debug|Any CPU
		{0540433C-AEA5-E13A-8759-CA923247D26B}.Release|Any CPU.ActiveCfg = Release|Any CPU
		{0540433C-AEA5-E13A-8759-CA923247D26B}.Release|Any CPU.Build.0 = Release|Any CPU
		{EDB6DF58-F5FB-181C-D3A1-AFE1E97DCF48}.Debug|Any CPU.ActiveCfg = Debug|Any CPU
		{EDB6DF58-F5FB-181C-D3A1-AFE1E97DCF48}.Debug|Any CPU.Build.0 = Debug|Any CPU
		{EDB6DF58-F5FB-181C-D3A1-AFE1E97DCF48}.Release|Any CPU.ActiveCfg = Release|Any CPU
		{EDB6DF58-F5FB-181C-D3A1-AFE1E97DCF48}.Release|Any CPU.Build.0 = Release|Any CPU
		{943E7B77-476B-B777-1DA3-68BBF42E2DD9}.Debug|Any CPU.ActiveCfg = Debug|Any CPU
		{943E7B77-476B-B777-1DA3-68BBF42E2DD9}.Debug|Any CPU.Build.0 = Debug|Any CPU
		{943E7B77-476B-B777-1DA3-68BBF42E2DD9}.Release|Any CPU.ActiveCfg = Release|Any CPU
		{943E7B77-476B-B777-1DA3-68BBF42E2DD9}.Release|Any CPU.Build.0 = Release|Any CPU
		{A869499C-6DF8-F820-7F4C-78F210A5CF76}.Debug|Any CPU.ActiveCfg = Debug|Any CPU
		{A869499C-6DF8-F820-7F4C-78F210A5CF76}.Debug|Any CPU.Build.0 = Debug|Any CPU
		{A869499C-6DF8-F820-7F4C-78F210A5CF76}.Release|Any CPU.ActiveCfg = Release|Any CPU
		{A869499C-6DF8-F820-7F4C-78F210A5CF76}.Release|Any CPU.Build.0 = Release|Any CPU
		{E711873B-7466-9CC5-5263-08F1CC8C5BC8}.Debug|Any CPU.ActiveCfg = Debug|Any CPU
		{E711873B-7466-9CC5-5263-08F1CC8C5BC8}.Debug|Any CPU.Build.0 = Debug|Any CPU
		{E711873B-7466-9CC5-5263-08F1CC8C5BC8}.Release|Any CPU.ActiveCfg = Release|Any CPU
		{E711873B-7466-9CC5-5263-08F1CC8C5BC8}.Release|Any CPU.Build.0 = Release|Any CPU
		{FFBC50D0-C4F8-4DC9-F1AD-970E9194E6A7}.Debug|Any CPU.ActiveCfg = Debug|Any CPU
		{FFBC50D0-C4F8-4DC9-F1AD-970E9194E6A7}.Debug|Any CPU.Build.0 = Debug|Any CPU
		{FFBC50D0-C4F8-4DC9-F1AD-970E9194E6A7}.Release|Any CPU.ActiveCfg = Release|Any CPU
		{FFBC50D0-C4F8-4DC9-F1AD-970E9194E6A7}.Release|Any CPU.Build.0 = Release|Any CPU
		{800AAFFF-3983-6457-A5EE-1C96CC734726}.Debug|Any CPU.ActiveCfg = Debug|Any CPU
		{800AAFFF-3983-6457-A5EE-1C96CC734726}.Debug|Any CPU.Build.0 = Debug|Any CPU
		{800AAFFF-3983-6457-A5EE-1C96CC734726}.Release|Any CPU.ActiveCfg = Release|Any CPU
		{800AAFFF-3983-6457-A5EE-1C96CC734726}.Release|Any CPU.Build.0 = Release|Any CPU
		{F4900313-C63B-5158-FB80-C84A157BFC26}.Debug|Any CPU.ActiveCfg = Debug|Any CPU
		{F4900313-C63B-5158-FB80-C84A157BFC26}.Debug|Any CPU.Build.0 = Debug|Any CPU
		{F4900313-C63B-5158-FB80-C84A157BFC26}.Release|Any CPU.ActiveCfg = Release|Any CPU
		{F4900313-C63B-5158-FB80-C84A157BFC26}.Release|Any CPU.Build.0 = Release|Any CPU
		{CB49BD32-3A20-AF64-0A90-EB035015F7AB}.Debug|Any CPU.ActiveCfg = Debug|Any CPU
		{CB49BD32-3A20-AF64-0A90-EB035015F7AB}.Debug|Any CPU.Build.0 = Debug|Any CPU
		{CB49BD32-3A20-AF64-0A90-EB035015F7AB}.Release|Any CPU.ActiveCfg = Release|Any CPU
		{CB49BD32-3A20-AF64-0A90-EB035015F7AB}.Release|Any CPU.Build.0 = Release|Any CPU
		{24E10F32-543F-DD8E-5820-E22A32C3CFFB}.Debug|Any CPU.ActiveCfg = Debug|Any CPU
		{24E10F32-543F-DD8E-5820-E22A32C3CFFB}.Debug|Any CPU.Build.0 = Debug|Any CPU
		{24E10F32-543F-DD8E-5820-E22A32C3CFFB}.Release|Any CPU.ActiveCfg = Release|Any CPU
		{24E10F32-543F-DD8E-5820-E22A32C3CFFB}.Release|Any CPU.Build.0 = Release|Any CPU
		{A7ED6BB2-DE99-AEEA-9642-6204C2CFF0ED}.Debug|Any CPU.ActiveCfg = Debug|Any CPU
		{A7ED6BB2-DE99-AEEA-9642-6204C2CFF0ED}.Debug|Any CPU.Build.0 = Debug|Any CPU
		{A7ED6BB2-DE99-AEEA-9642-6204C2CFF0ED}.Release|Any CPU.ActiveCfg = Release|Any CPU
		{A7ED6BB2-DE99-AEEA-9642-6204C2CFF0ED}.Release|Any CPU.Build.0 = Release|Any CPU
		{47460989-CB69-0702-5438-4111BAA45226}.Debug|Any CPU.ActiveCfg = Debug|Any CPU
		{47460989-CB69-0702-5438-4111BAA45226}.Debug|Any CPU.Build.0 = Debug|Any CPU
		{47460989-CB69-0702-5438-4111BAA45226}.Release|Any CPU.ActiveCfg = Release|Any CPU
		{47460989-CB69-0702-5438-4111BAA45226}.Release|Any CPU.Build.0 = Release|Any CPU
		{135BC873-BD60-0027-6ED2-3A1993258B2C}.Debug|Any CPU.ActiveCfg = Debug|Any CPU
		{135BC873-BD60-0027-6ED2-3A1993258B2C}.Debug|Any CPU.Build.0 = Debug|Any CPU
		{135BC873-BD60-0027-6ED2-3A1993258B2C}.Release|Any CPU.ActiveCfg = Release|Any CPU
		{135BC873-BD60-0027-6ED2-3A1993258B2C}.Release|Any CPU.Build.0 = Release|Any CPU
		{12DE0817-C13D-DF6A-A966-4773AC0C4766}.Debug|Any CPU.ActiveCfg = Debug|Any CPU
		{12DE0817-C13D-DF6A-A966-4773AC0C4766}.Debug|Any CPU.Build.0 = Debug|Any CPU
		{12DE0817-C13D-DF6A-A966-4773AC0C4766}.Release|Any CPU.ActiveCfg = Release|Any CPU
		{12DE0817-C13D-DF6A-A966-4773AC0C4766}.Release|Any CPU.Build.0 = Release|Any CPU
		{066FAD2A-ABB4-CD72-AEAE-3BF3D7D53CB2}.Debug|Any CPU.ActiveCfg = Debug|Any CPU
		{066FAD2A-ABB4-CD72-AEAE-3BF3D7D53CB2}.Debug|Any CPU.Build.0 = Debug|Any CPU
		{066FAD2A-ABB4-CD72-AEAE-3BF3D7D53CB2}.Release|Any CPU.ActiveCfg = Release|Any CPU
		{066FAD2A-ABB4-CD72-AEAE-3BF3D7D53CB2}.Release|Any CPU.Build.0 = Release|Any CPU
		{1FC8BDD2-6AC2-FDA5-4EB8-86F49F77F9FC}.Debug|Any CPU.ActiveCfg = Debug|Any CPU
		{1FC8BDD2-6AC2-FDA5-4EB8-86F49F77F9FC}.Debug|Any CPU.Build.0 = Debug|Any CPU
		{1FC8BDD2-6AC2-FDA5-4EB8-86F49F77F9FC}.Release|Any CPU.ActiveCfg = Release|Any CPU
		{1FC8BDD2-6AC2-FDA5-4EB8-86F49F77F9FC}.Release|Any CPU.Build.0 = Release|Any CPU
		{01E6E5DE-181E-5B64-FB0A-D1C226087FB6}.Debug|Any CPU.ActiveCfg = Debug|Any CPU
		{01E6E5DE-181E-5B64-FB0A-D1C226087FB6}.Debug|Any CPU.Build.0 = Debug|Any CPU
		{01E6E5DE-181E-5B64-FB0A-D1C226087FB6}.Release|Any CPU.ActiveCfg = Release|Any CPU
		{01E6E5DE-181E-5B64-FB0A-D1C226087FB6}.Release|Any CPU.Build.0 = Release|Any CPU
		{22B8ECF0-71B3-2C5F-688D-6B919A36B017}.Debug|Any CPU.ActiveCfg = Debug|Any CPU
		{22B8ECF0-71B3-2C5F-688D-6B919A36B017}.Debug|Any CPU.Build.0 = Debug|Any CPU
		{22B8ECF0-71B3-2C5F-688D-6B919A36B017}.Release|Any CPU.ActiveCfg = Release|Any CPU
		{22B8ECF0-71B3-2C5F-688D-6B919A36B017}.Release|Any CPU.Build.0 = Release|Any CPU
		{7463CDFD-EAFA-1515-7FC1-3E54040BD3A5}.Debug|Any CPU.ActiveCfg = Debug|Any CPU
		{7463CDFD-EAFA-1515-7FC1-3E54040BD3A5}.Debug|Any CPU.Build.0 = Debug|Any CPU
		{7463CDFD-EAFA-1515-7FC1-3E54040BD3A5}.Release|Any CPU.ActiveCfg = Release|Any CPU
		{7463CDFD-EAFA-1515-7FC1-3E54040BD3A5}.Release|Any CPU.Build.0 = Release|Any CPU
		{8FC8294B-F9C1-3C96-E3C1-AC18211E5B00}.Debug|Any CPU.ActiveCfg = Debug|Any CPU
		{8FC8294B-F9C1-3C96-E3C1-AC18211E5B00}.Debug|Any CPU.Build.0 = Debug|Any CPU
		{8FC8294B-F9C1-3C96-E3C1-AC18211E5B00}.Release|Any CPU.ActiveCfg = Release|Any CPU
		{8FC8294B-F9C1-3C96-E3C1-AC18211E5B00}.Release|Any CPU.Build.0 = Release|Any CPU
		{4EDE8AF4-E60D-165F-11BB-843D3B5B5657}.Debug|Any CPU.ActiveCfg = Debug|Any CPU
		{4EDE8AF4-E60D-165F-11BB-843D3B5B5657}.Debug|Any CPU.Build.0 = Debug|Any CPU
		{4EDE8AF4-E60D-165F-11BB-843D3B5B5657}.Release|Any CPU.ActiveCfg = Release|Any CPU
		{4EDE8AF4-E60D-165F-11BB-843D3B5B5657}.Release|Any CPU.Build.0 = Release|Any CPU
		{A9EFC84C-AFD4-6E77-ACD6-8DB94A27FDF8}.Debug|Any CPU.ActiveCfg = Debug|Any CPU
		{A9EFC84C-AFD4-6E77-ACD6-8DB94A27FDF8}.Debug|Any CPU.Build.0 = Debug|Any CPU
		{A9EFC84C-AFD4-6E77-ACD6-8DB94A27FDF8}.Release|Any CPU.ActiveCfg = Release|Any CPU
		{A9EFC84C-AFD4-6E77-ACD6-8DB94A27FDF8}.Release|Any CPU.Build.0 = Release|Any CPU
		{BF46DF4D-805C-0C45-4972-87B720383746}.Debug|Any CPU.ActiveCfg = Debug|Any CPU
		{BF46DF4D-805C-0C45-4972-87B720383746}.Debug|Any CPU.Build.0 = Debug|Any CPU
		{BF46DF4D-805C-0C45-4972-87B720383746}.Release|Any CPU.ActiveCfg = Release|Any CPU
		{BF46DF4D-805C-0C45-4972-87B720383746}.Release|Any CPU.Build.0 = Release|Any CPU
		{A8D4FBDD-DD88-77FC-8399-40462971E7D3}.Debug|Any CPU.ActiveCfg = Debug|Any CPU
		{A8D4FBDD-DD88-77FC-8399-40462971E7D3}.Debug|Any CPU.Build.0 = Debug|Any CPU
		{A8D4FBDD-DD88-77FC-8399-40462971E7D3}.Release|Any CPU.ActiveCfg = Release|Any CPU
		{A8D4FBDD-DD88-77FC-8399-40462971E7D3}.Release|Any CPU.Build.0 = Release|Any CPU
		{B627C8E4-78DB-41C5-341A-005D3112FF2F}.Debug|Any CPU.ActiveCfg = Debug|Any CPU
		{B627C8E4-78DB-41C5-341A-005D3112FF2F}.Debug|Any CPU.Build.0 = Debug|Any CPU
		{B627C8E4-78DB-41C5-341A-005D3112FF2F}.Release|Any CPU.ActiveCfg = Release|Any CPU
		{B627C8E4-78DB-41C5-341A-005D3112FF2F}.Release|Any CPU.Build.0 = Release|Any CPU
		{916BFEA6-B4D4-6B66-5B3D-D38758665C67}.Debug|Any CPU.ActiveCfg = Debug|Any CPU
		{916BFEA6-B4D4-6B66-5B3D-D38758665C67}.Debug|Any CPU.Build.0 = Debug|Any CPU
		{916BFEA6-B4D4-6B66-5B3D-D38758665C67}.Release|Any CPU.ActiveCfg = Release|Any CPU
		{916BFEA6-B4D4-6B66-5B3D-D38758665C67}.Release|Any CPU.Build.0 = Release|Any CPU
		{943A20F6-86B0-8055-8F84-B66961233D04}.Debug|Any CPU.ActiveCfg = Debug|Any CPU
		{943A20F6-86B0-8055-8F84-B66961233D04}.Debug|Any CPU.Build.0 = Debug|Any CPU
		{943A20F6-86B0-8055-8F84-B66961233D04}.Release|Any CPU.ActiveCfg = Release|Any CPU
		{943A20F6-86B0-8055-8F84-B66961233D04}.Release|Any CPU.Build.0 = Release|Any CPU
		{4D9A4C80-FB43-2FF6-D1A4-186A3A0F7477}.Debug|Any CPU.ActiveCfg = Debug|Any CPU
		{4D9A4C80-FB43-2FF6-D1A4-186A3A0F7477}.Debug|Any CPU.Build.0 = Debug|Any CPU
		{4D9A4C80-FB43-2FF6-D1A4-186A3A0F7477}.Release|Any CPU.ActiveCfg = Release|Any CPU
		{4D9A4C80-FB43-2FF6-D1A4-186A3A0F7477}.Release|Any CPU.Build.0 = Release|Any CPU
		{8B70D81B-4066-3C8C-EF6F-D1C21DD49875}.Debug|Any CPU.ActiveCfg = Debug|Any CPU
		{8B70D81B-4066-3C8C-EF6F-D1C21DD49875}.Debug|Any CPU.Build.0 = Debug|Any CPU
		{8B70D81B-4066-3C8C-EF6F-D1C21DD49875}.Release|Any CPU.ActiveCfg = Release|Any CPU
		{8B70D81B-4066-3C8C-EF6F-D1C21DD49875}.Release|Any CPU.Build.0 = Release|Any CPU
		{F59DFAB3-F7C6-6966-57D7-0A27E84BB629}.Debug|Any CPU.ActiveCfg = Debug|Any CPU
		{F59DFAB3-F7C6-6966-57D7-0A27E84BB629}.Debug|Any CPU.Build.0 = Debug|Any CPU
		{F59DFAB3-F7C6-6966-57D7-0A27E84BB629}.Release|Any CPU.ActiveCfg = Release|Any CPU
		{F59DFAB3-F7C6-6966-57D7-0A27E84BB629}.Release|Any CPU.Build.0 = Release|Any CPU
		{6979865A-32B4-9254-895E-04E5F21F0679}.Debug|Any CPU.ActiveCfg = Debug|Any CPU
		{6979865A-32B4-9254-895E-04E5F21F0679}.Debug|Any CPU.Build.0 = Debug|Any CPU
		{6979865A-32B4-9254-895E-04E5F21F0679}.Release|Any CPU.ActiveCfg = Release|Any CPU
		{6979865A-32B4-9254-895E-04E5F21F0679}.Release|Any CPU.Build.0 = Release|Any CPU
		{D64D93D3-A53C-D617-4052-3C46CD1A677E}.Debug|Any CPU.ActiveCfg = Debug|Any CPU
		{D64D93D3-A53C-D617-4052-3C46CD1A677E}.Debug|Any CPU.Build.0 = Debug|Any CPU
		{D64D93D3-A53C-D617-4052-3C46CD1A677E}.Release|Any CPU.ActiveCfg = Release|Any CPU
		{D64D93D3-A53C-D617-4052-3C46CD1A677E}.Release|Any CPU.Build.0 = Release|Any CPU
		{00834E67-FB63-875B-44C0-E76D864B3FFF}.Debug|Any CPU.ActiveCfg = Debug|Any CPU
		{00834E67-FB63-875B-44C0-E76D864B3FFF}.Debug|Any CPU.Build.0 = Debug|Any CPU
		{00834E67-FB63-875B-44C0-E76D864B3FFF}.Release|Any CPU.ActiveCfg = Release|Any CPU
		{00834E67-FB63-875B-44C0-E76D864B3FFF}.Release|Any CPU.Build.0 = Release|Any CPU
		{11B144B5-B4CE-C740-0E5E-267DEEABDB3B}.Debug|Any CPU.ActiveCfg = Debug|Any CPU
		{11B144B5-B4CE-C740-0E5E-267DEEABDB3B}.Debug|Any CPU.Build.0 = Debug|Any CPU
		{11B144B5-B4CE-C740-0E5E-267DEEABDB3B}.Release|Any CPU.ActiveCfg = Release|Any CPU
		{11B144B5-B4CE-C740-0E5E-267DEEABDB3B}.Release|Any CPU.Build.0 = Release|Any CPU
		{F7C6772E-FA1F-2D2F-10A6-5040E88BABD6}.Debug|Any CPU.ActiveCfg = Debug|Any CPU
		{F7C6772E-FA1F-2D2F-10A6-5040E88BABD6}.Debug|Any CPU.Build.0 = Debug|Any CPU
		{F7C6772E-FA1F-2D2F-10A6-5040E88BABD6}.Release|Any CPU.ActiveCfg = Release|Any CPU
		{F7C6772E-FA1F-2D2F-10A6-5040E88BABD6}.Release|Any CPU.Build.0 = Release|Any CPU
		{0429B408-ED92-7B51-D69C-8FD72A1F1F36}.Debug|Any CPU.ActiveCfg = Debug|Any CPU
		{0429B408-ED92-7B51-D69C-8FD72A1F1F36}.Debug|Any CPU.Build.0 = Debug|Any CPU
		{0429B408-ED92-7B51-D69C-8FD72A1F1F36}.Release|Any CPU.ActiveCfg = Release|Any CPU
		{0429B408-ED92-7B51-D69C-8FD72A1F1F36}.Release|Any CPU.Build.0 = Release|Any CPU
		{54724E62-9AED-273D-841B-A14142E35B24}.Debug|Any CPU.ActiveCfg = Debug|Any CPU
		{54724E62-9AED-273D-841B-A14142E35B24}.Debug|Any CPU.Build.0 = Debug|Any CPU
		{54724E62-9AED-273D-841B-A14142E35B24}.Release|Any CPU.ActiveCfg = Release|Any CPU
		{54724E62-9AED-273D-841B-A14142E35B24}.Release|Any CPU.Build.0 = Release|Any CPU
		{8DC2D00E-1A34-B7FF-40B6-2F2871CFE122}.Debug|Any CPU.ActiveCfg = Debug|Any CPU
		{8DC2D00E-1A34-B7FF-40B6-2F2871CFE122}.Debug|Any CPU.Build.0 = Debug|Any CPU
		{8DC2D00E-1A34-B7FF-40B6-2F2871CFE122}.Release|Any CPU.ActiveCfg = Release|Any CPU
		{8DC2D00E-1A34-B7FF-40B6-2F2871CFE122}.Release|Any CPU.Build.0 = Release|Any CPU
		{950C35EC-A250-4D12-F3A5-BE3F32745667}.Debug|Any CPU.ActiveCfg = Debug|Any CPU
		{950C35EC-A250-4D12-F3A5-BE3F32745667}.Debug|Any CPU.Build.0 = Debug|Any CPU
		{950C35EC-A250-4D12-F3A5-BE3F32745667}.Release|Any CPU.ActiveCfg = Release|Any CPU
		{950C35EC-A250-4D12-F3A5-BE3F32745667}.Release|Any CPU.Build.0 = Release|Any CPU
		{EB9FB11D-68C6-C6DE-5459-990BFB5CE7E5}.Debug|Any CPU.ActiveCfg = Debug|Any CPU
		{EB9FB11D-68C6-C6DE-5459-990BFB5CE7E5}.Debug|Any CPU.Build.0 = Debug|Any CPU
		{EB9FB11D-68C6-C6DE-5459-990BFB5CE7E5}.Release|Any CPU.ActiveCfg = Release|Any CPU
		{EB9FB11D-68C6-C6DE-5459-990BFB5CE7E5}.Release|Any CPU.Build.0 = Release|Any CPU
		{50DE7831-DD7E-A798-4E20-EA534E92CF9F}.Debug|Any CPU.ActiveCfg = Debug|Any CPU
		{50DE7831-DD7E-A798-4E20-EA534E92CF9F}.Debug|Any CPU.Build.0 = Debug|Any CPU
		{50DE7831-DD7E-A798-4E20-EA534E92CF9F}.Release|Any CPU.ActiveCfg = Release|Any CPU
		{50DE7831-DD7E-A798-4E20-EA534E92CF9F}.Release|Any CPU.Build.0 = Release|Any CPU
		{615BCEE5-57DC-85CD-5C40-ACD676A9E32C}.Debug|Any CPU.ActiveCfg = Debug|Any CPU
		{615BCEE5-57DC-85CD-5C40-ACD676A9E32C}.Debug|Any CPU.Build.0 = Debug|Any CPU
		{615BCEE5-57DC-85CD-5C40-ACD676A9E32C}.Release|Any CPU.ActiveCfg = Release|Any CPU
		{615BCEE5-57DC-85CD-5C40-ACD676A9E32C}.Release|Any CPU.Build.0 = Release|Any CPU
		{38F0B312-5174-F930-F56A-BB2B80CEB9CE}.Debug|Any CPU.ActiveCfg = Debug|Any CPU
		{38F0B312-5174-F930-F56A-BB2B80CEB9CE}.Debug|Any CPU.Build.0 = Debug|Any CPU
		{38F0B312-5174-F930-F56A-BB2B80CEB9CE}.Release|Any CPU.ActiveCfg = Release|Any CPU
		{38F0B312-5174-F930-F56A-BB2B80CEB9CE}.Release|Any CPU.Build.0 = Release|Any CPU
		{F06A0269-F304-C2CE-C071-A573562038F5}.Debug|Any CPU.ActiveCfg = Debug|Any CPU
		{F06A0269-F304-C2CE-C071-A573562038F5}.Debug|Any CPU.Build.0 = Debug|Any CPU
		{F06A0269-F304-C2CE-C071-A573562038F5}.Release|Any CPU.ActiveCfg = Release|Any CPU
		{F06A0269-F304-C2CE-C071-A573562038F5}.Release|Any CPU.Build.0 = Release|Any CPU
		{8834202E-5354-910E-B0ED-25931436438D}.Debug|Any CPU.ActiveCfg = Debug|Any CPU
		{8834202E-5354-910E-B0ED-25931436438D}.Debug|Any CPU.Build.0 = Debug|Any CPU
		{8834202E-5354-910E-B0ED-25931436438D}.Release|Any CPU.ActiveCfg = Release|Any CPU
		{8834202E-5354-910E-B0ED-25931436438D}.Release|Any CPU.Build.0 = Release|Any CPU
		{9ED92545-E38D-D420-67A1-A9F3B68197F3}.Debug|Any CPU.ActiveCfg = Debug|Any CPU
		{9ED92545-E38D-D420-67A1-A9F3B68197F3}.Debug|Any CPU.Build.0 = Debug|Any CPU
		{9ED92545-E38D-D420-67A1-A9F3B68197F3}.Release|Any CPU.ActiveCfg = Release|Any CPU
		{9ED92545-E38D-D420-67A1-A9F3B68197F3}.Release|Any CPU.Build.0 = Release|Any CPU
		{5104AF66-E83A-7348-9C89-955A04525F7C}.Debug|Any CPU.ActiveCfg = Debug|Any CPU
		{5104AF66-E83A-7348-9C89-955A04525F7C}.Debug|Any CPU.Build.0 = Debug|Any CPU
		{5104AF66-E83A-7348-9C89-955A04525F7C}.Release|Any CPU.ActiveCfg = Release|Any CPU
		{5104AF66-E83A-7348-9C89-955A04525F7C}.Release|Any CPU.Build.0 = Release|Any CPU
		{6BC07080-2FF2-9494-B8B3-FCB60194DB41}.Debug|Any CPU.ActiveCfg = Debug|Any CPU
		{6BC07080-2FF2-9494-B8B3-FCB60194DB41}.Debug|Any CPU.Build.0 = Debug|Any CPU
		{6BC07080-2FF2-9494-B8B3-FCB60194DB41}.Release|Any CPU.ActiveCfg = Release|Any CPU
		{6BC07080-2FF2-9494-B8B3-FCB60194DB41}.Release|Any CPU.Build.0 = Release|Any CPU
		{7FAC6BE3-7FAB-CED9-BE65-8FE7266A238F}.Debug|Any CPU.ActiveCfg = Debug|Any CPU
		{7FAC6BE3-7FAB-CED9-BE65-8FE7266A238F}.Debug|Any CPU.Build.0 = Debug|Any CPU
		{7FAC6BE3-7FAB-CED9-BE65-8FE7266A238F}.Release|Any CPU.ActiveCfg = Release|Any CPU
		{7FAC6BE3-7FAB-CED9-BE65-8FE7266A238F}.Release|Any CPU.Build.0 = Release|Any CPU
		{8D1B217E-241C-CC48-627E-A413F0B4ECF1}.Debug|Any CPU.ActiveCfg = Debug|Any CPU
		{8D1B217E-241C-CC48-627E-A413F0B4ECF1}.Debug|Any CPU.Build.0 = Debug|Any CPU
		{8D1B217E-241C-CC48-627E-A413F0B4ECF1}.Release|Any CPU.ActiveCfg = Release|Any CPU
		{8D1B217E-241C-CC48-627E-A413F0B4ECF1}.Release|Any CPU.Build.0 = Release|Any CPU
		{405285EF-16FF-6FA2-680A-5DA500407AE7}.Debug|Any CPU.ActiveCfg = Debug|Any CPU
		{405285EF-16FF-6FA2-680A-5DA500407AE7}.Debug|Any CPU.Build.0 = Debug|Any CPU
		{405285EF-16FF-6FA2-680A-5DA500407AE7}.Release|Any CPU.ActiveCfg = Release|Any CPU
		{405285EF-16FF-6FA2-680A-5DA500407AE7}.Release|Any CPU.Build.0 = Release|Any CPU
		{CDF2C924-58D4-5C3B-9E75-B233CDD53DF1}.Debug|Any CPU.ActiveCfg = Debug|Any CPU
		{CDF2C924-58D4-5C3B-9E75-B233CDD53DF1}.Debug|Any CPU.Build.0 = Debug|Any CPU
		{CDF2C924-58D4-5C3B-9E75-B233CDD53DF1}.Release|Any CPU.ActiveCfg = Release|Any CPU
		{CDF2C924-58D4-5C3B-9E75-B233CDD53DF1}.Release|Any CPU.Build.0 = Release|Any CPU
		{143A22A8-4FB8-CEEB-6D80-4355E32E4056}.Debug|Any CPU.ActiveCfg = Debug|Any CPU
		{143A22A8-4FB8-CEEB-6D80-4355E32E4056}.Debug|Any CPU.Build.0 = Debug|Any CPU
		{143A22A8-4FB8-CEEB-6D80-4355E32E4056}.Release|Any CPU.ActiveCfg = Release|Any CPU
		{143A22A8-4FB8-CEEB-6D80-4355E32E4056}.Release|Any CPU.Build.0 = Release|Any CPU
		{5EED9275-408E-8BCA-0AC7-EE7BD579DE24}.Debug|Any CPU.ActiveCfg = Debug|Any CPU
		{5EED9275-408E-8BCA-0AC7-EE7BD579DE24}.Debug|Any CPU.Build.0 = Debug|Any CPU
		{5EED9275-408E-8BCA-0AC7-EE7BD579DE24}.Release|Any CPU.ActiveCfg = Release|Any CPU
		{5EED9275-408E-8BCA-0AC7-EE7BD579DE24}.Release|Any CPU.Build.0 = Release|Any CPU
		{5A16FC24-11AB-42B1-C455-8FD11852982F}.Debug|Any CPU.ActiveCfg = Debug|Any CPU
		{5A16FC24-11AB-42B1-C455-8FD11852982F}.Debug|Any CPU.Build.0 = Debug|Any CPU
		{5A16FC24-11AB-42B1-C455-8FD11852982F}.Release|Any CPU.ActiveCfg = Release|Any CPU
		{5A16FC24-11AB-42B1-C455-8FD11852982F}.Release|Any CPU.Build.0 = Release|Any CPU
		{4A937166-6897-4D95-1541-D98C806171EA}.Debug|Any CPU.ActiveCfg = Debug|Any CPU
		{4A937166-6897-4D95-1541-D98C806171EA}.Debug|Any CPU.Build.0 = Debug|Any CPU
		{4A937166-6897-4D95-1541-D98C806171EA}.Release|Any CPU.ActiveCfg = Release|Any CPU
		{4A937166-6897-4D95-1541-D98C806171EA}.Release|Any CPU.Build.0 = Release|Any CPU
		{FA18F7CE-D8DD-AEA3-7B41-BD24F9E99A33}.Debug|Any CPU.ActiveCfg = Debug|Any CPU
		{FA18F7CE-D8DD-AEA3-7B41-BD24F9E99A33}.Debug|Any CPU.Build.0 = Debug|Any CPU
		{FA18F7CE-D8DD-AEA3-7B41-BD24F9E99A33}.Release|Any CPU.ActiveCfg = Release|Any CPU
		{FA18F7CE-D8DD-AEA3-7B41-BD24F9E99A33}.Release|Any CPU.Build.0 = Release|Any CPU
		{16DBFEDF-6583-30FD-BD9E-8D10DC68285D}.Debug|Any CPU.ActiveCfg = Debug|Any CPU
		{16DBFEDF-6583-30FD-BD9E-8D10DC68285D}.Debug|Any CPU.Build.0 = Debug|Any CPU
		{16DBFEDF-6583-30FD-BD9E-8D10DC68285D}.Release|Any CPU.ActiveCfg = Release|Any CPU
		{16DBFEDF-6583-30FD-BD9E-8D10DC68285D}.Release|Any CPU.Build.0 = Release|Any CPU
		{7F983894-3719-3D00-08E9-5C2F47D2E2AF}.Debug|Any CPU.ActiveCfg = Debug|Any CPU
		{7F983894-3719-3D00-08E9-5C2F47D2E2AF}.Debug|Any CPU.Build.0 = Debug|Any CPU
		{7F983894-3719-3D00-08E9-5C2F47D2E2AF}.Release|Any CPU.ActiveCfg = Release|Any CPU
		{7F983894-3719-3D00-08E9-5C2F47D2E2AF}.Release|Any CPU.Build.0 = Release|Any CPU
		{37D7C9F1-3504-5A25-5282-83B33ED52567}.Debug|Any CPU.ActiveCfg = Debug|Any CPU
		{37D7C9F1-3504-5A25-5282-83B33ED52567}.Debug|Any CPU.Build.0 = Debug|Any CPU
		{37D7C9F1-3504-5A25-5282-83B33ED52567}.Release|Any CPU.ActiveCfg = Release|Any CPU
		{37D7C9F1-3504-5A25-5282-83B33ED52567}.Release|Any CPU.Build.0 = Release|Any CPU
		{B6BC4F3D-79C9-DE9A-E7CD-1D3E501F61EF}.Debug|Any CPU.ActiveCfg = Debug|Any CPU
		{B6BC4F3D-79C9-DE9A-E7CD-1D3E501F61EF}.Debug|Any CPU.Build.0 = Debug|Any CPU
		{B6BC4F3D-79C9-DE9A-E7CD-1D3E501F61EF}.Release|Any CPU.ActiveCfg = Release|Any CPU
		{B6BC4F3D-79C9-DE9A-E7CD-1D3E501F61EF}.Release|Any CPU.Build.0 = Release|Any CPU
		{CBBF77B5-48CA-F9CB-C5ED-2731DBCD8866}.Debug|Any CPU.ActiveCfg = Debug|Any CPU
		{CBBF77B5-48CA-F9CB-C5ED-2731DBCD8866}.Debug|Any CPU.Build.0 = Debug|Any CPU
		{CBBF77B5-48CA-F9CB-C5ED-2731DBCD8866}.Release|Any CPU.ActiveCfg = Release|Any CPU
		{CBBF77B5-48CA-F9CB-C5ED-2731DBCD8866}.Release|Any CPU.Build.0 = Release|Any CPU
		{4A72E7E0-38EB-E686-BFEC-0827526E0296}.Debug|Any CPU.ActiveCfg = Debug|Any CPU
		{4A72E7E0-38EB-E686-BFEC-0827526E0296}.Debug|Any CPU.Build.0 = Debug|Any CPU
		{4A72E7E0-38EB-E686-BFEC-0827526E0296}.Release|Any CPU.ActiveCfg = Release|Any CPU
		{4A72E7E0-38EB-E686-BFEC-0827526E0296}.Release|Any CPU.Build.0 = Release|Any CPU
		{34A1AD51-E617-7EB3-4916-10C0319A38DE}.Debug|Any CPU.ActiveCfg = Debug|Any CPU
		{34A1AD51-E617-7EB3-4916-10C0319A38DE}.Debug|Any CPU.Build.0 = Debug|Any CPU
		{34A1AD51-E617-7EB3-4916-10C0319A38DE}.Release|Any CPU.ActiveCfg = Release|Any CPU
		{34A1AD51-E617-7EB3-4916-10C0319A38DE}.Release|Any CPU.Build.0 = Release|Any CPU
		{4472A17D-E0E7-9AB4-B022-A7B6370340B8}.Debug|Any CPU.ActiveCfg = Debug|Any CPU
		{4472A17D-E0E7-9AB4-B022-A7B6370340B8}.Debug|Any CPU.Build.0 = Debug|Any CPU
		{4472A17D-E0E7-9AB4-B022-A7B6370340B8}.Release|Any CPU.ActiveCfg = Release|Any CPU
		{4472A17D-E0E7-9AB4-B022-A7B6370340B8}.Release|Any CPU.Build.0 = Release|Any CPU
		{6887D9C6-CD7C-F06B-AE77-3F7EFC228BE8}.Debug|Any CPU.ActiveCfg = Debug|Any CPU
		{6887D9C6-CD7C-F06B-AE77-3F7EFC228BE8}.Debug|Any CPU.Build.0 = Debug|Any CPU
		{6887D9C6-CD7C-F06B-AE77-3F7EFC228BE8}.Release|Any CPU.ActiveCfg = Release|Any CPU
		{6887D9C6-CD7C-F06B-AE77-3F7EFC228BE8}.Release|Any CPU.Build.0 = Release|Any CPU
	EndGlobalSection
	GlobalSection(SolutionProperties) = preSolution
		HideSolutionNode = FALSE
	EndGlobalSection
	GlobalSection(ExtensibilityGlobals) = postSolution
		SolutionGuid = {060A60C8-E686-4F7F-AB43-DA86F6E3C78D}
	EndGlobalSection
EndGlobal
